// !$*UTF8*$!
{
	archiveVersion = 1;
	classes = {
	};
	objectVersion = 46;
	objects = {

/* Begin PBXBuildFile section */
		B2155E5618D930B900180EF9 /* RespLogin.m in Sources */ = {isa = PBXBuildFile; fileRef = B2155E5518D930B900180EF9 /* RespLogin.m */; };
		B21D992218D2E53800EE795A /* RespAehbl.m in Sources */ = {isa = PBXBuildFile; fileRef = B21D992118D2E53800EE795A /* RespAehbl.m */; };
		B22446D518CF2C7500049F8C /* NSString.m in Sources */ = {isa = PBXBuildFile; fileRef = B22446D418CF2C7500049F8C /* NSString.m */; };
		B225B472190204FE009F1F25 /* DetailScheduleViewController.m in Sources */ = {isa = PBXBuildFile; fileRef = B225B471190204FE009F1F25 /* DetailScheduleViewController.m */; };
		B225B47A19020AC3009F1F25 /* RespSchedule.m in Sources */ = {isa = PBXBuildFile; fileRef = B225B47919020AC3009F1F25 /* RespSchedule.m */; };
		B225B49F190261FE009F1F25 /* Cell_sortBy_list.m in Sources */ = {isa = PBXBuildFile; fileRef = B225B49E190261FE009F1F25 /* Cell_sortBy_list.m */; };
		B22D6C1418D18D0500DE4DB5 /* Cell_aehbl_list.m in Sources */ = {isa = PBXBuildFile; fileRef = B22D6C1318D18D0500DE4DB5 /* Cell_aehbl_list.m */; };
		B22D6C1C18D1A7CB00DE4DB5 /* AehblHomeController.m in Sources */ = {isa = PBXBuildFile; fileRef = B22D6C1B18D1A7CB00DE4DB5 /* AehblHomeController.m */; };
		B230189818ED66CA004B6CCC /* MapAnnotation.m in Sources */ = {isa = PBXBuildFile; fileRef = B230189718ED66CA004B6CCC /* MapAnnotation.m */; };
		B2307AFC18BC7E25000502BE /* Cell_exhbl_general_hdr.m in Sources */ = {isa = PBXBuildFile; fileRef = B2307AFB18BC7E25000502BE /* Cell_exhbl_general_hdr.m */; };
		B2307B0318BC9057000502BE /* Cell_milestone.m in Sources */ = {isa = PBXBuildFile; fileRef = B2307B0218BC9057000502BE /* Cell_milestone.m */; };
		B2307B0618BC920F000502BE /* MilestoneController.m in Sources */ = {isa = PBXBuildFile; fileRef = B2307B0518BC920F000502BE /* MilestoneController.m */; };
		B2307B0918BC960C000502BE /* RespMilestone.m in Sources */ = {isa = PBXBuildFile; fileRef = B2307B0818BC960C000502BE /* RespMilestone.m */; };
		B2307B1018BD84AF000502BE /* MBProgressHUD.m in Sources */ = {isa = PBXBuildFile; fileRef = B2307B0F18BD84AF000502BE /* MBProgressHUD.m */; };
		B2307B1618BDC36B000502BE /* Cell_alert_list.m in Sources */ = {isa = PBXBuildFile; fileRef = B2307B1518BDC36B000502BE /* Cell_alert_list.m */; };
		B2307B1918BDC748000502BE /* AlertController.m in Sources */ = {isa = PBXBuildFile; fileRef = B2307B1818BDC748000502BE /* AlertController.m */; };
		B2307B1C18BDD532000502BE /* RespAlert.m in Sources */ = {isa = PBXBuildFile; fileRef = B2307B1B18BDD532000502BE /* RespAlert.m */; };
		B2307B1F18BDE888000502BE /* DBManager.m in Sources */ = {isa = PBXBuildFile; fileRef = B2307B1E18BDE888000502BE /* DBManager.m */; };
		B2307B2618BEEA82000502BE /* Web_get_alert.m in Sources */ = {isa = PBXBuildFile; fileRef = B2307B2518BEEA82000502BE /* Web_get_alert.m */; };
		B2307B2A18BEEE36000502BE /* AppConstants.m in Sources */ = {isa = PBXBuildFile; fileRef = B2307B2918BEEE36000502BE /* AppConstants.m */; };
		B239B00318E66AA700C26552 /* LogoutViewController.m in Sources */ = {isa = PBXBuildFile; fileRef = B239B00218E66AA700C26552 /* LogoutViewController.m */; };
		B23D80F218E18D4700316700 /* Web_base.m in Sources */ = {isa = PBXBuildFile; fileRef = B23D80F118E18D4700316700 /* Web_base.m */; };
		B242208618B7470B00D4A75C /* Cell_exhbl_list.m in Sources */ = {isa = PBXBuildFile; fileRef = B242208518B7470B00D4A75C /* Cell_exhbl_list.m */; };
		B242208C18B8467300D4A75C /* Res_color.m in Sources */ = {isa = PBXBuildFile; fileRef = B242208B18B8467300D4A75C /* Res_color.m */; };
		B242209218BAED3000D4A75C /* ExhblHomeController.m in Sources */ = {isa = PBXBuildFile; fileRef = B242209118BAED3000D4A75C /* ExhblHomeController.m */; };
		B242209818BB2F1C00D4A75C /* Cell_exhbl_general_detail.m in Sources */ = {isa = PBXBuildFile; fileRef = B242209718BB2F1C00D4A75C /* Cell_exhbl_general_detail.m */; };
		B242209B18BB303600D4A75C /* ExhblGeneralController.m in Sources */ = {isa = PBXBuildFile; fileRef = B242209A18BB303600D4A75C /* ExhblGeneralController.m */; };
		B24555CF18D166A500D47DC7 /* AehblListController.m in Sources */ = {isa = PBXBuildFile; fileRef = B24555CE18D166A500D47DC7 /* AehblListController.m */; };
		B24E83AC18D2A50700C29034 /* AehblGeneralController.m in Sources */ = {isa = PBXBuildFile; fileRef = B24E83AB18D2A50700C29034 /* AehblGeneralController.m */; };
		B250BFBE19AB428F005EA993 /* KeyboardNoticeManager.m in Sources */ = {isa = PBXBuildFile; fileRef = B250BFBD19AB428F005EA993 /* KeyboardNoticeManager.m */; };
		B2531101191C728C0049AFDA /* SKSTableView.m in Sources */ = {isa = PBXBuildFile; fileRef = B25310FE191C728C0049AFDA /* SKSTableView.m */; };
		B2531102191C728C0049AFDA /* SKSTableViewCell.m in Sources */ = {isa = PBXBuildFile; fileRef = B2531100191C728C0049AFDA /* SKSTableViewCell.m */; };
		B2531108191C73E10049AFDA /* ExpandSearchCriteriaViewController.m in Sources */ = {isa = PBXBuildFile; fileRef = B2531107191C73E10049AFDA /* ExpandSearchCriteriaViewController.m */; };
		B25490121904A6D800D7197A /* SortByViewController.m in Sources */ = {isa = PBXBuildFile; fileRef = B25490111904A6D800D7197A /* SortByViewController.m */; };
		B25490191904EFF200D7197A /* Cell_detail_schedule.m in Sources */ = {isa = PBXBuildFile; fileRef = B25490181904EFF200D7197A /* Cell_detail_schedule.m */; };
		B25649FF18E29C1B00030E05 /* NSArray.m in Sources */ = {isa = PBXBuildFile; fileRef = B25649FE18E29C1B00030E05 /* NSArray.m */; };
		B2571CE218E5441F00C7DFA3 /* CustomBadge.m in Sources */ = {isa = PBXBuildFile; fileRef = B2571CE018E5441F00C7DFA3 /* CustomBadge.m */; };
		B25740B518EBE3BF0060190B /* MapKit.framework in Frameworks */ = {isa = PBXBuildFile; fileRef = B25740B418EBE3BF0060190B /* MapKit.framework */; };
		B25740FA18EBF17F0060190B /* CoreLocation.framework in Frameworks */ = {isa = PBXBuildFile; fileRef = B25740F918EBF17F0060190B /* CoreLocation.framework */; };
		B25BE7BC18ECEF0000F41409 /* MapViewController.m in Sources */ = {isa = PBXBuildFile; fileRef = B25BE7BB18ECEF0000F41409 /* MapViewController.m */; };
		B26A068F19A333C70002EA96 /* RespExcntr_status.m in Sources */ = {isa = PBXBuildFile; fileRef = B26A068E19A333C70002EA96 /* RespExcntr_status.m */; };
		B26A069619A335520002EA96 /* CarrierMilestoneViewController.m in Sources */ = {isa = PBXBuildFile; fileRef = B26A069519A335520002EA96 /* CarrierMilestoneViewController.m */; };
		B26B3C8C19078A4000CB41F9 /* RespPortName.m in Sources */ = {isa = PBXBuildFile; fileRef = B26B3C8B19078A4000CB41F9 /* RespPortName.m */; };
		B26B3C93190795C700CB41F9 /* SearchPortNameViewController.m in Sources */ = {isa = PBXBuildFile; fileRef = B26B3C92190795C700CB41F9 /* SearchPortNameViewController.m */; };
		B26B3C96190797A700CB41F9 /* Cell_portName_list.m in Sources */ = {isa = PBXBuildFile; fileRef = B26B3C95190797A700CB41F9 /* Cell_portName_list.m */; };
		B26B684818E6969200E2E67B /* DB_device.m in Sources */ = {isa = PBXBuildFile; fileRef = B26B684718E6969200E2E67B /* DB_device.m */; };
		B26CAC4818AA302A00C97C83 /* Foundation.framework in Frameworks */ = {isa = PBXBuildFile; fileRef = B26CAC4718AA302A00C97C83 /* Foundation.framework */; };
		B26CAC4A18AA302A00C97C83 /* CoreGraphics.framework in Frameworks */ = {isa = PBXBuildFile; fileRef = B26CAC4918AA302A00C97C83 /* CoreGraphics.framework */; };
		B26CAC4C18AA302A00C97C83 /* UIKit.framework in Frameworks */ = {isa = PBXBuildFile; fileRef = B26CAC4B18AA302A00C97C83 /* UIKit.framework */; };
		B26CAC5218AA302A00C97C83 /* InfoPlist.strings in Resources */ = {isa = PBXBuildFile; fileRef = B26CAC5018AA302A00C97C83 /* InfoPlist.strings */; };
		B26CAC5418AA302A00C97C83 /* main.m in Sources */ = {isa = PBXBuildFile; fileRef = B26CAC5318AA302A00C97C83 /* main.m */; };
		B26CAC5818AA302A00C97C83 /* AppDelegate.m in Sources */ = {isa = PBXBuildFile; fileRef = B26CAC5718AA302A00C97C83 /* AppDelegate.m */; };
		B26CAC5B18AA302A00C97C83 /* Main_iPhone.storyboard in Resources */ = {isa = PBXBuildFile; fileRef = B26CAC5918AA302A00C97C83 /* Main_iPhone.storyboard */; };
		B26CAC6118AA302A00C97C83 /* TrackHomeController.m in Sources */ = {isa = PBXBuildFile; fileRef = B26CAC6018AA302A00C97C83 /* TrackHomeController.m */; };
		B26CAC6418AA302A00C97C83 /* SecondViewController.m in Sources */ = {isa = PBXBuildFile; fileRef = B26CAC6318AA302A00C97C83 /* SecondViewController.m */; };
		B26CAC6618AA302A00C97C83 /* Images.xcassets in Resources */ = {isa = PBXBuildFile; fileRef = B26CAC6518AA302A00C97C83 /* Images.xcassets */; };
		B26CAC6D18AA302A00C97C83 /* XCTest.framework in Frameworks */ = {isa = PBXBuildFile; fileRef = B26CAC6C18AA302A00C97C83 /* XCTest.framework */; };
		B26CAC6E18AA302A00C97C83 /* Foundation.framework in Frameworks */ = {isa = PBXBuildFile; fileRef = B26CAC4718AA302A00C97C83 /* Foundation.framework */; };
		B26CAC6F18AA302A00C97C83 /* UIKit.framework in Frameworks */ = {isa = PBXBuildFile; fileRef = B26CAC4B18AA302A00C97C83 /* UIKit.framework */; };
		B26CAC7718AA302A00C97C83 /* InfoPlist.strings in Resources */ = {isa = PBXBuildFile; fileRef = B26CAC7518AA302A00C97C83 /* InfoPlist.strings */; };
		B26CAC7918AA302A00C97C83 /* ittrackingTests.m in Sources */ = {isa = PBXBuildFile; fileRef = B26CAC7818AA302A00C97C83 /* ittrackingTests.m */; };
		B2700B07190E0D2A001E824C /* Custom_Button.m in Sources */ = {isa = PBXBuildFile; fileRef = B2700B06190E0D2A001E824C /* Custom_Button.m */; };
		B272410419132E5800E6EE5F /* DB_portName.m in Sources */ = {isa = PBXBuildFile; fileRef = B272410319132E5800E6EE5F /* DB_portName.m */; };
		B27387DA18FF85C500BF57F2 /* Custom_TextField.m in Sources */ = {isa = PBXBuildFile; fileRef = B27387D918FF85C500BF57F2 /* Custom_TextField.m */; };
		B278A91C18D8218F0057DC37 /* MZAppearance.m in Sources */ = {isa = PBXBuildFile; fileRef = B278A90B18D8218F0057DC37 /* MZAppearance.m */; };
		B278A91D18D8218F0057DC37 /* MZFormSheetBackgroundWindow.m in Sources */ = {isa = PBXBuildFile; fileRef = B278A90D18D8218F0057DC37 /* MZFormSheetBackgroundWindow.m */; };
		B278A91E18D8218F0057DC37 /* MZFormSheetBackgroundWindowViewController.m in Sources */ = {isa = PBXBuildFile; fileRef = B278A90F18D8218F0057DC37 /* MZFormSheetBackgroundWindowViewController.m */; };
		B278A91F18D8218F0057DC37 /* MZFormSheetController.m in Sources */ = {isa = PBXBuildFile; fileRef = B278A91118D8218F0057DC37 /* MZFormSheetController.m */; };
		B278A92018D8218F0057DC37 /* MZFormSheetSegue.m in Sources */ = {isa = PBXBuildFile; fileRef = B278A91318D8218F0057DC37 /* MZFormSheetSegue.m */; };
		B278A92118D8218F0057DC37 /* MZTransition.m in Sources */ = {isa = PBXBuildFile; fileRef = B278A91518D8218F0057DC37 /* MZTransition.m */; };
		B278A92218D8218F0057DC37 /* NSInvocation+Copy.m in Sources */ = {isa = PBXBuildFile; fileRef = B278A91718D8218F0057DC37 /* NSInvocation+Copy.m */; };
		B278A92318D8218F0057DC37 /* UIImage+Additional.m in Sources */ = {isa = PBXBuildFile; fileRef = B278A91918D8218F0057DC37 /* UIImage+Additional.m */; };
		B278A92418D8218F0057DC37 /* UIViewController+TargetViewController.m in Sources */ = {isa = PBXBuildFile; fileRef = B278A91B18D8218F0057DC37 /* UIViewController+TargetViewController.m */; };
		B278A92A18D832AA0057DC37 /* LoginViewController.m in Sources */ = {isa = PBXBuildFile; fileRef = B278A92918D832AA0057DC37 /* LoginViewController.m */; };
		B27EF99619A43DE8007A7124 /* Custom_headView.m in Sources */ = {isa = PBXBuildFile; fileRef = B27EF99519A43DE8007A7124 /* Custom_headView.m */; };
		B27EF99D19A4441B007A7124 /* Cell_Carrier_milestone.m in Sources */ = {isa = PBXBuildFile; fileRef = B27EF99C19A4441B007A7124 /* Cell_Carrier_milestone.m */; };
		B27EF9A319A4492C007A7124 /* DB_Excntr_status.m in Sources */ = {isa = PBXBuildFile; fileRef = B27EF9A219A4492C007A7124 /* DB_Excntr_status.m */; };
		B28209D318E518C90027227A /* MainHomeViewController.m in Sources */ = {isa = PBXBuildFile; fileRef = B28209D218E518C90027227A /* MainHomeViewController.m */; };
		B284FBD019175F0300EDEBA8 /* RespSearchCriteria.m in Sources */ = {isa = PBXBuildFile; fileRef = B284FBCF19175F0300EDEBA8 /* RespSearchCriteria.m */; };
		B284FBD31917694A00EDEBA8 /* DB_searchCriteria.m in Sources */ = {isa = PBXBuildFile; fileRef = B284FBD21917694A00EDEBA8 /* DB_searchCriteria.m */; };
		B288CFE018DA945E0089F877 /* DB_login.m in Sources */ = {isa = PBXBuildFile; fileRef = B288CFDF18DA945E0089F877 /* DB_login.m */; };
		B2923514191A119C00F9F8B8 /* PopViewManager.m in Sources */ = {isa = PBXBuildFile; fileRef = B2923513191A119C00F9F8B8 /* PopViewManager.m */; };
		B2A9770718CF18290096BD4B /* FMDatabase.m in Sources */ = {isa = PBXBuildFile; fileRef = B2A976FE18CF18290096BD4B /* FMDatabase.m */; };
		B2A9770818CF18290096BD4B /* FMDatabaseAdditions.m in Sources */ = {isa = PBXBuildFile; fileRef = B2A9770018CF18290096BD4B /* FMDatabaseAdditions.m */; };
		B2A9770918CF18290096BD4B /* FMDatabasePool.m in Sources */ = {isa = PBXBuildFile; fileRef = B2A9770218CF18290096BD4B /* FMDatabasePool.m */; };
		B2A9770A18CF18290096BD4B /* FMDatabaseQueue.m in Sources */ = {isa = PBXBuildFile; fileRef = B2A9770418CF18290096BD4B /* FMDatabaseQueue.m */; };
		B2A9770B18CF18290096BD4B /* FMResultSet.m in Sources */ = {isa = PBXBuildFile; fileRef = B2A9770618CF18290096BD4B /* FMResultSet.m */; };
		B2AD1FB71900CA7900F0E0A7 /* Cell_schedule_section1.m in Sources */ = {isa = PBXBuildFile; fileRef = B2AD1FB61900CA7900F0E0A7 /* Cell_schedule_section1.m */; };
		B2AD1FBE1900D87300F0E0A7 /* Cell_schedule_section2_row1.m in Sources */ = {isa = PBXBuildFile; fileRef = B2AD1FBD1900D87300F0E0A7 /* Cell_schedule_section2_row1.m */; };
		B2AD1FC11900D89300F0E0A7 /* Cell_schedule_section2_row3.m in Sources */ = {isa = PBXBuildFile; fileRef = B2AD1FC01900D89300F0E0A7 /* Cell_schedule_section2_row3.m */; };
		B2AFA528190F44C900778F75 /* Custom_backgroundView.m in Sources */ = {isa = PBXBuildFile; fileRef = B2AFA527190F44C900778F75 /* Custom_backgroundView.m */; };
		B2B020B818AB52D100EECD92 /* ExhblListController.m in Sources */ = {isa = PBXBuildFile; fileRef = B2B020B718AB52D100EECD92 /* ExhblListController.m */; };
		B2B020BD18AB5DFE00EECD92 /* Candy.m in Sources */ = {isa = PBXBuildFile; fileRef = B2B020BC18AB5DFE00EECD92 /* Candy.m */; };
		B2B020C418AB5F6500EECD92 /* CandyTableViewController.m in Sources */ = {isa = PBXBuildFile; fileRef = B2B020C318AB5F6500EECD92 /* CandyTableViewController.m */; };
		B2B020C818ACB69F00EECD92 /* DBTest.m in Sources */ = {isa = PBXBuildFile; fileRef = B2B020C718ACB69F00EECD92 /* DBTest.m */; };
		B2B020CE18ACD15900EECD92 /* libsqlite3.dylib in Frameworks */ = {isa = PBXBuildFile; fileRef = B2B020CD18ACD15900EECD92 /* libsqlite3.dylib */; };
		B2B020D018AF12CA00EECD92 /* libsqlite3.0.dylib in Frameworks */ = {isa = PBXBuildFile; fileRef = B2B020CF18AF12CA00EECD92 /* libsqlite3.0.dylib */; };
		B2B2A70B19A58213009F3AE2 /* Calculate_lineHeight.m in Sources */ = {isa = PBXBuildFile; fileRef = B2B2A70A19A58213009F3AE2 /* Calculate_lineHeight.m */; };
		B2C216D618C85E5900A46809 /* DB_alert.m in Sources */ = {isa = PBXBuildFile; fileRef = B2C216D518C85E5900A46809 /* DB_alert.m */; };
		B2C216DE18C8AC7A00A46809 /* NSDictionary.m in Sources */ = {isa = PBXBuildFile; fileRef = B2C216DD18C8AC7A00A46809 /* NSDictionary.m */; };
		B2C2348318B35149001E13C9 /* CFNetwork.framework in Frameworks */ = {isa = PBXBuildFile; fileRef = B2C2348218B35149001E13C9 /* CFNetwork.framework */; };
		B2C2348518B3515D001E13C9 /* CoreData.framework in Frameworks */ = {isa = PBXBuildFile; fileRef = B2C2348418B3515D001E13C9 /* CoreData.framework */; };
		B2C2348718B3516B001E13C9 /* libxml2.2.dylib in Frameworks */ = {isa = PBXBuildFile; fileRef = B2C2348618B3516B001E13C9 /* libxml2.2.dylib */; };
		B2C2348918B35177001E13C9 /* MobileCoreServices.framework in Frameworks */ = {isa = PBXBuildFile; fileRef = B2C2348818B35177001E13C9 /* MobileCoreServices.framework */; };
		B2C237F818B364DF001E13C9 /* QuartzCore.framework in Frameworks */ = {isa = PBXBuildFile; fileRef = B2C237F718B364DF001E13C9 /* QuartzCore.framework */; };
		B2C237FA18B364EA001E13C9 /* Security.framework in Frameworks */ = {isa = PBXBuildFile; fileRef = B2C237F918B364EA001E13C9 /* Security.framework */; };
		B2C237FC18B364F5001E13C9 /* SystemConfiguration.framework in Frameworks */ = {isa = PBXBuildFile; fileRef = B2C237FB18B364F5001E13C9 /* SystemConfiguration.framework */; };
		B2C237FF18B37153001E13C9 /* AuthContract.m in Sources */ = {isa = PBXBuildFile; fileRef = B2C237FE18B37153001E13C9 /* AuthContract.m */; };
		B2C2380218B372D6001E13C9 /* RequestContract.m in Sources */ = {isa = PBXBuildFile; fileRef = B2C2380118B372D6001E13C9 /* RequestContract.m */; };
		B2C2380518B37466001E13C9 /* SearchFormContract.m in Sources */ = {isa = PBXBuildFile; fileRef = B2C2380418B37466001E13C9 /* SearchFormContract.m */; };
		B2C2380918B5EAB5001E13C9 /* RespExhbl.m in Sources */ = {isa = PBXBuildFile; fileRef = B2C2380818B5EAB5001E13C9 /* RespExhbl.m */; };
		B2C6ED7B18E58B570001837B /* Menu_home.m in Sources */ = {isa = PBXBuildFile; fileRef = B2C6ED7A18E58B570001837B /* Menu_home.m */; };
		B2C6ED8618E59FA80001837B /* Cell_menu_item.m in Sources */ = {isa = PBXBuildFile; fileRef = B2C6ED8518E59FA80001837B /* Cell_menu_item.m */; };
		B2C92B2A192DAB7800B2B8D0 /* RespIcon.m in Sources */ = {isa = PBXBuildFile; fileRef = B2C92B29192DAB7800B2B8D0 /* RespIcon.m */; };
		B2C92B31192DAE2B00B2B8D0 /* DB_icon.m in Sources */ = {isa = PBXBuildFile; fileRef = B2C92B30192DAE2B00B2B8D0 /* DB_icon.m */; };
		B2CD156B1910B3A40025DD93 /* Custom_SearchBtn.m in Sources */ = {isa = PBXBuildFile; fileRef = B2CD156A1910B3A40025DD93 /* Custom_SearchBtn.m */; };
		B2F9C2AC18CAC579006B7299 /* libRestKit.a in Frameworks */ = {isa = PBXBuildFile; fileRef = B2C2171A18CAC41400A46809 /* libRestKit.a */; };
/* End PBXBuildFile section */

/* Begin PBXContainerItemProxy section */
		B26CAC7018AA302A00C97C83 /* PBXContainerItemProxy */ = {
			isa = PBXContainerItemProxy;
			containerPortal = B26CAC3C18AA302A00C97C83 /* Project object */;
			proxyType = 1;
			remoteGlobalIDString = B26CAC4318AA302A00C97C83;
			remoteInfo = worldtrans;
		};
		B2C2171918CAC41400A46809 /* PBXContainerItemProxy */ = {
			isa = PBXContainerItemProxy;
			containerPortal = B2C2171218CAC41300A46809 /* RestKit.xcodeproj */;
			proxyType = 2;
			remoteGlobalIDString = 25160D1614564E810060A5C5;
			remoteInfo = RestKit;
		};
		B2C2171B18CAC41400A46809 /* PBXContainerItemProxy */ = {
			isa = PBXContainerItemProxy;
			containerPortal = B2C2171218CAC41300A46809 /* RestKit.xcodeproj */;
			proxyType = 2;
			remoteGlobalIDString = 25160D2614564E820060A5C5;
			remoteInfo = RestKitTests;
		};
		B2C2171D18CAC41400A46809 /* PBXContainerItemProxy */ = {
			isa = PBXContainerItemProxy;
			containerPortal = B2C2171218CAC41300A46809 /* RestKit.xcodeproj */;
			proxyType = 2;
			remoteGlobalIDString = 25160E62145651060060A5C5;
			remoteInfo = RestKitFramework;
		};
		B2C2171F18CAC41400A46809 /* PBXContainerItemProxy */ = {
			isa = PBXContainerItemProxy;
			containerPortal = B2C2171218CAC41300A46809 /* RestKit.xcodeproj */;
			proxyType = 2;
			remoteGlobalIDString = 25160E78145651060060A5C5;
			remoteInfo = RestKitFrameworkTests;
		};
/* End PBXContainerItemProxy section */

/* Begin PBXFileReference section */
		B2155E5418D930B900180EF9 /* RespLogin.h */ = {isa = PBXFileReference; fileEncoding = 4; lastKnownFileType = sourcecode.c.h; path = RespLogin.h; sourceTree = "<group>"; };
		B2155E5518D930B900180EF9 /* RespLogin.m */ = {isa = PBXFileReference; fileEncoding = 4; lastKnownFileType = sourcecode.c.objc; path = RespLogin.m; sourceTree = "<group>"; };
		B21D992018D2E53800EE795A /* RespAehbl.h */ = {isa = PBXFileReference; fileEncoding = 4; lastKnownFileType = sourcecode.c.h; path = RespAehbl.h; sourceTree = "<group>"; };
		B21D992118D2E53800EE795A /* RespAehbl.m */ = {isa = PBXFileReference; fileEncoding = 4; lastKnownFileType = sourcecode.c.objc; path = RespAehbl.m; sourceTree = "<group>"; };
		B22446D318CF2C7500049F8C /* NSString.h */ = {isa = PBXFileReference; fileEncoding = 4; lastKnownFileType = sourcecode.c.h; path = NSString.h; sourceTree = "<group>"; };
		B22446D418CF2C7500049F8C /* NSString.m */ = {isa = PBXFileReference; fileEncoding = 4; lastKnownFileType = sourcecode.c.objc; path = NSString.m; sourceTree = "<group>"; };
		B225B470190204FE009F1F25 /* DetailScheduleViewController.h */ = {isa = PBXFileReference; fileEncoding = 4; lastKnownFileType = sourcecode.c.h; path = DetailScheduleViewController.h; sourceTree = "<group>"; };
		B225B471190204FE009F1F25 /* DetailScheduleViewController.m */ = {isa = PBXFileReference; fileEncoding = 4; lastKnownFileType = sourcecode.c.objc; path = DetailScheduleViewController.m; sourceTree = "<group>"; };
		B225B47819020AC3009F1F25 /* RespSchedule.h */ = {isa = PBXFileReference; fileEncoding = 4; lastKnownFileType = sourcecode.c.h; path = RespSchedule.h; sourceTree = "<group>"; };
		B225B47919020AC3009F1F25 /* RespSchedule.m */ = {isa = PBXFileReference; fileEncoding = 4; lastKnownFileType = sourcecode.c.objc; path = RespSchedule.m; sourceTree = "<group>"; };
		B225B49D190261FE009F1F25 /* Cell_sortBy_list.h */ = {isa = PBXFileReference; fileEncoding = 4; lastKnownFileType = sourcecode.c.h; path = Cell_sortBy_list.h; sourceTree = "<group>"; };
		B225B49E190261FE009F1F25 /* Cell_sortBy_list.m */ = {isa = PBXFileReference; fileEncoding = 4; lastKnownFileType = sourcecode.c.objc; path = Cell_sortBy_list.m; sourceTree = "<group>"; };
		B22D6C1218D18D0500DE4DB5 /* Cell_aehbl_list.h */ = {isa = PBXFileReference; fileEncoding = 4; lastKnownFileType = sourcecode.c.h; path = Cell_aehbl_list.h; sourceTree = "<group>"; };
		B22D6C1318D18D0500DE4DB5 /* Cell_aehbl_list.m */ = {isa = PBXFileReference; fileEncoding = 4; lastKnownFileType = sourcecode.c.objc; path = Cell_aehbl_list.m; sourceTree = "<group>"; };
		B22D6C1A18D1A7CB00DE4DB5 /* AehblHomeController.h */ = {isa = PBXFileReference; fileEncoding = 4; lastKnownFileType = sourcecode.c.h; path = AehblHomeController.h; sourceTree = "<group>"; };
		B22D6C1B18D1A7CB00DE4DB5 /* AehblHomeController.m */ = {isa = PBXFileReference; fileEncoding = 4; lastKnownFileType = sourcecode.c.objc; path = AehblHomeController.m; sourceTree = "<group>"; };
		B230189618ED66CA004B6CCC /* MapAnnotation.h */ = {isa = PBXFileReference; fileEncoding = 4; lastKnownFileType = sourcecode.c.h; path = MapAnnotation.h; sourceTree = "<group>"; };
		B230189718ED66CA004B6CCC /* MapAnnotation.m */ = {isa = PBXFileReference; fileEncoding = 4; lastKnownFileType = sourcecode.c.objc; path = MapAnnotation.m; sourceTree = "<group>"; };
		B2307AFA18BC7E25000502BE /* Cell_exhbl_general_hdr.h */ = {isa = PBXFileReference; fileEncoding = 4; lastKnownFileType = sourcecode.c.h; path = Cell_exhbl_general_hdr.h; sourceTree = "<group>"; };
		B2307AFB18BC7E25000502BE /* Cell_exhbl_general_hdr.m */ = {isa = PBXFileReference; fileEncoding = 4; lastKnownFileType = sourcecode.c.objc; path = Cell_exhbl_general_hdr.m; sourceTree = "<group>"; };
		B2307B0118BC9057000502BE /* Cell_milestone.h */ = {isa = PBXFileReference; fileEncoding = 4; lastKnownFileType = sourcecode.c.h; path = Cell_milestone.h; sourceTree = "<group>"; };
		B2307B0218BC9057000502BE /* Cell_milestone.m */ = {isa = PBXFileReference; fileEncoding = 4; lastKnownFileType = sourcecode.c.objc; path = Cell_milestone.m; sourceTree = "<group>"; };
		B2307B0418BC920F000502BE /* MilestoneController.h */ = {isa = PBXFileReference; fileEncoding = 4; lastKnownFileType = sourcecode.c.h; path = MilestoneController.h; sourceTree = "<group>"; };
		B2307B0518BC920F000502BE /* MilestoneController.m */ = {isa = PBXFileReference; fileEncoding = 4; lastKnownFileType = sourcecode.c.objc; path = MilestoneController.m; sourceTree = "<group>"; };
		B2307B0718BC960C000502BE /* RespMilestone.h */ = {isa = PBXFileReference; fileEncoding = 4; lastKnownFileType = sourcecode.c.h; path = RespMilestone.h; sourceTree = "<group>"; };
		B2307B0818BC960C000502BE /* RespMilestone.m */ = {isa = PBXFileReference; fileEncoding = 4; lastKnownFileType = sourcecode.c.objc; path = RespMilestone.m; sourceTree = "<group>"; };
		B2307B0E18BD84AF000502BE /* MBProgressHUD.h */ = {isa = PBXFileReference; fileEncoding = 4; lastKnownFileType = sourcecode.c.h; path = MBProgressHUD.h; sourceTree = "<group>"; };
		B2307B0F18BD84AF000502BE /* MBProgressHUD.m */ = {isa = PBXFileReference; fileEncoding = 4; lastKnownFileType = sourcecode.c.objc; path = MBProgressHUD.m; sourceTree = "<group>"; };
		B2307B1418BDC36B000502BE /* Cell_alert_list.h */ = {isa = PBXFileReference; fileEncoding = 4; lastKnownFileType = sourcecode.c.h; path = Cell_alert_list.h; sourceTree = "<group>"; };
		B2307B1518BDC36B000502BE /* Cell_alert_list.m */ = {isa = PBXFileReference; fileEncoding = 4; lastKnownFileType = sourcecode.c.objc; path = Cell_alert_list.m; sourceTree = "<group>"; };
		B2307B1718BDC748000502BE /* AlertController.h */ = {isa = PBXFileReference; fileEncoding = 4; lastKnownFileType = sourcecode.c.h; path = AlertController.h; sourceTree = "<group>"; };
		B2307B1818BDC748000502BE /* AlertController.m */ = {isa = PBXFileReference; fileEncoding = 4; lastKnownFileType = sourcecode.c.objc; path = AlertController.m; sourceTree = "<group>"; };
		B2307B1A18BDD532000502BE /* RespAlert.h */ = {isa = PBXFileReference; fileEncoding = 4; lastKnownFileType = sourcecode.c.h; path = RespAlert.h; sourceTree = "<group>"; };
		B2307B1B18BDD532000502BE /* RespAlert.m */ = {isa = PBXFileReference; fileEncoding = 4; lastKnownFileType = sourcecode.c.objc; path = RespAlert.m; sourceTree = "<group>"; };
		B2307B1D18BDE888000502BE /* DBManager.h */ = {isa = PBXFileReference; fileEncoding = 4; lastKnownFileType = sourcecode.c.h; path = DBManager.h; sourceTree = "<group>"; };
		B2307B1E18BDE888000502BE /* DBManager.m */ = {isa = PBXFileReference; fileEncoding = 4; lastKnownFileType = sourcecode.c.objc; path = DBManager.m; sourceTree = "<group>"; };
		B2307B2418BEEA82000502BE /* Web_get_alert.h */ = {isa = PBXFileReference; fileEncoding = 4; lastKnownFileType = sourcecode.c.h; path = Web_get_alert.h; sourceTree = "<group>"; };
		B2307B2518BEEA82000502BE /* Web_get_alert.m */ = {isa = PBXFileReference; fileEncoding = 4; lastKnownFileType = sourcecode.c.objc; path = Web_get_alert.m; sourceTree = "<group>"; };
		B2307B2818BEEE36000502BE /* AppConstants.h */ = {isa = PBXFileReference; fileEncoding = 4; lastKnownFileType = sourcecode.c.h; path = AppConstants.h; sourceTree = "<group>"; };
		B2307B2918BEEE36000502BE /* AppConstants.m */ = {isa = PBXFileReference; fileEncoding = 4; lastKnownFileType = sourcecode.c.objc; path = AppConstants.m; sourceTree = "<group>"; };
		B239B00118E66AA700C26552 /* LogoutViewController.h */ = {isa = PBXFileReference; fileEncoding = 4; lastKnownFileType = sourcecode.c.h; path = LogoutViewController.h; sourceTree = "<group>"; };
		B239B00218E66AA700C26552 /* LogoutViewController.m */ = {isa = PBXFileReference; fileEncoding = 4; lastKnownFileType = sourcecode.c.objc; path = LogoutViewController.m; sourceTree = "<group>"; };
		B23D80F018E18D4700316700 /* Web_base.h */ = {isa = PBXFileReference; fileEncoding = 4; lastKnownFileType = sourcecode.c.h; path = Web_base.h; sourceTree = "<group>"; };
		B23D80F118E18D4700316700 /* Web_base.m */ = {isa = PBXFileReference; fileEncoding = 4; lastKnownFileType = sourcecode.c.objc; path = Web_base.m; sourceTree = "<group>"; };
		B242208418B7470B00D4A75C /* Cell_exhbl_list.h */ = {isa = PBXFileReference; fileEncoding = 4; lastKnownFileType = sourcecode.c.h; path = Cell_exhbl_list.h; sourceTree = "<group>"; };
		B242208518B7470B00D4A75C /* Cell_exhbl_list.m */ = {isa = PBXFileReference; fileEncoding = 4; lastKnownFileType = sourcecode.c.objc; path = Cell_exhbl_list.m; sourceTree = "<group>"; };
		B242208A18B8467300D4A75C /* Res_color.h */ = {isa = PBXFileReference; fileEncoding = 4; lastKnownFileType = sourcecode.c.h; path = Res_color.h; sourceTree = "<group>"; };
		B242208B18B8467300D4A75C /* Res_color.m */ = {isa = PBXFileReference; fileEncoding = 4; lastKnownFileType = sourcecode.c.objc; path = Res_color.m; sourceTree = "<group>"; };
		B242209018BAED3000D4A75C /* ExhblHomeController.h */ = {isa = PBXFileReference; fileEncoding = 4; lastKnownFileType = sourcecode.c.h; path = ExhblHomeController.h; sourceTree = "<group>"; };
		B242209118BAED3000D4A75C /* ExhblHomeController.m */ = {isa = PBXFileReference; fileEncoding = 4; lastKnownFileType = sourcecode.c.objc; path = ExhblHomeController.m; sourceTree = "<group>"; };
		B242209618BB2F1C00D4A75C /* Cell_exhbl_general_detail.h */ = {isa = PBXFileReference; fileEncoding = 4; lastKnownFileType = sourcecode.c.h; path = Cell_exhbl_general_detail.h; sourceTree = "<group>"; };
		B242209718BB2F1C00D4A75C /* Cell_exhbl_general_detail.m */ = {isa = PBXFileReference; fileEncoding = 4; lastKnownFileType = sourcecode.c.objc; path = Cell_exhbl_general_detail.m; sourceTree = "<group>"; };
		B242209918BB303600D4A75C /* ExhblGeneralController.h */ = {isa = PBXFileReference; fileEncoding = 4; lastKnownFileType = sourcecode.c.h; path = ExhblGeneralController.h; sourceTree = "<group>"; };
		B242209A18BB303600D4A75C /* ExhblGeneralController.m */ = {isa = PBXFileReference; fileEncoding = 4; lastKnownFileType = sourcecode.c.objc; path = ExhblGeneralController.m; sourceTree = "<group>"; };
		B24555CD18D166A500D47DC7 /* AehblListController.h */ = {isa = PBXFileReference; fileEncoding = 4; lastKnownFileType = sourcecode.c.h; path = AehblListController.h; sourceTree = "<group>"; };
		B24555CE18D166A500D47DC7 /* AehblListController.m */ = {isa = PBXFileReference; fileEncoding = 4; lastKnownFileType = sourcecode.c.objc; path = AehblListController.m; sourceTree = "<group>"; };
		B24E83AA18D2A50700C29034 /* AehblGeneralController.h */ = {isa = PBXFileReference; fileEncoding = 4; lastKnownFileType = sourcecode.c.h; path = AehblGeneralController.h; sourceTree = "<group>"; };
		B24E83AB18D2A50700C29034 /* AehblGeneralController.m */ = {isa = PBXFileReference; fileEncoding = 4; lastKnownFileType = sourcecode.c.objc; path = AehblGeneralController.m; sourceTree = "<group>"; };
		B250BFBC19AB428F005EA993 /* KeyboardNoticeManager.h */ = {isa = PBXFileReference; fileEncoding = 4; lastKnownFileType = sourcecode.c.h; path = KeyboardNoticeManager.h; sourceTree = "<group>"; };
		B250BFBD19AB428F005EA993 /* KeyboardNoticeManager.m */ = {isa = PBXFileReference; fileEncoding = 4; lastKnownFileType = sourcecode.c.objc; path = KeyboardNoticeManager.m; sourceTree = "<group>"; };
		B25310FD191C728C0049AFDA /* SKSTableView.h */ = {isa = PBXFileReference; fileEncoding = 4; lastKnownFileType = sourcecode.c.h; path = SKSTableView.h; sourceTree = "<group>"; };
		B25310FE191C728C0049AFDA /* SKSTableView.m */ = {isa = PBXFileReference; fileEncoding = 4; lastKnownFileType = sourcecode.c.objc; path = SKSTableView.m; sourceTree = "<group>"; };
		B25310FF191C728C0049AFDA /* SKSTableViewCell.h */ = {isa = PBXFileReference; fileEncoding = 4; lastKnownFileType = sourcecode.c.h; path = SKSTableViewCell.h; sourceTree = "<group>"; };
		B2531100191C728C0049AFDA /* SKSTableViewCell.m */ = {isa = PBXFileReference; fileEncoding = 4; lastKnownFileType = sourcecode.c.objc; path = SKSTableViewCell.m; sourceTree = "<group>"; };
		B2531106191C73E10049AFDA /* ExpandSearchCriteriaViewController.h */ = {isa = PBXFileReference; fileEncoding = 4; lastKnownFileType = sourcecode.c.h; path = ExpandSearchCriteriaViewController.h; sourceTree = "<group>"; };
		B2531107191C73E10049AFDA /* ExpandSearchCriteriaViewController.m */ = {isa = PBXFileReference; fileEncoding = 4; lastKnownFileType = sourcecode.c.objc; path = ExpandSearchCriteriaViewController.m; sourceTree = "<group>"; };
		B25490101904A6D800D7197A /* SortByViewController.h */ = {isa = PBXFileReference; fileEncoding = 4; lastKnownFileType = sourcecode.c.h; path = SortByViewController.h; sourceTree = "<group>"; };
		B25490111904A6D800D7197A /* SortByViewController.m */ = {isa = PBXFileReference; fileEncoding = 4; lastKnownFileType = sourcecode.c.objc; path = SortByViewController.m; sourceTree = "<group>"; };
		B25490171904EFF200D7197A /* Cell_detail_schedule.h */ = {isa = PBXFileReference; fileEncoding = 4; lastKnownFileType = sourcecode.c.h; path = Cell_detail_schedule.h; sourceTree = "<group>"; };
		B25490181904EFF200D7197A /* Cell_detail_schedule.m */ = {isa = PBXFileReference; fileEncoding = 4; lastKnownFileType = sourcecode.c.objc; path = Cell_detail_schedule.m; sourceTree = "<group>"; };
		B25649FD18E29C1B00030E05 /* NSArray.h */ = {isa = PBXFileReference; fileEncoding = 4; lastKnownFileType = sourcecode.c.h; path = NSArray.h; sourceTree = "<group>"; };
		B25649FE18E29C1B00030E05 /* NSArray.m */ = {isa = PBXFileReference; fileEncoding = 4; lastKnownFileType = sourcecode.c.objc; path = NSArray.m; sourceTree = "<group>"; };
		B2571CE018E5441F00C7DFA3 /* CustomBadge.m */ = {isa = PBXFileReference; fileEncoding = 4; lastKnownFileType = sourcecode.c.objc; path = CustomBadge.m; sourceTree = "<group>"; };
		B2571CE118E5441F00C7DFA3 /* CustomBadge.h */ = {isa = PBXFileReference; fileEncoding = 4; lastKnownFileType = sourcecode.c.h; path = CustomBadge.h; sourceTree = "<group>"; };
		B25740B418EBE3BF0060190B /* MapKit.framework */ = {isa = PBXFileReference; lastKnownFileType = wrapper.framework; name = MapKit.framework; path = System/Library/Frameworks/MapKit.framework; sourceTree = SDKROOT; };
		B25740F918EBF17F0060190B /* CoreLocation.framework */ = {isa = PBXFileReference; lastKnownFileType = wrapper.framework; name = CoreLocation.framework; path = System/Library/Frameworks/CoreLocation.framework; sourceTree = SDKROOT; };
		B25BE7BA18ECEF0000F41409 /* MapViewController.h */ = {isa = PBXFileReference; fileEncoding = 4; lastKnownFileType = sourcecode.c.h; path = MapViewController.h; sourceTree = "<group>"; };
		B25BE7BB18ECEF0000F41409 /* MapViewController.m */ = {isa = PBXFileReference; fileEncoding = 4; lastKnownFileType = sourcecode.c.objc; path = MapViewController.m; sourceTree = "<group>"; };
		B26A068D19A333C70002EA96 /* RespExcntr_status.h */ = {isa = PBXFileReference; fileEncoding = 4; lastKnownFileType = sourcecode.c.h; path = RespExcntr_status.h; sourceTree = "<group>"; };
		B26A068E19A333C70002EA96 /* RespExcntr_status.m */ = {isa = PBXFileReference; fileEncoding = 4; lastKnownFileType = sourcecode.c.objc; path = RespExcntr_status.m; sourceTree = "<group>"; };
		B26A069419A335520002EA96 /* CarrierMilestoneViewController.h */ = {isa = PBXFileReference; fileEncoding = 4; lastKnownFileType = sourcecode.c.h; path = CarrierMilestoneViewController.h; sourceTree = "<group>"; };
		B26A069519A335520002EA96 /* CarrierMilestoneViewController.m */ = {isa = PBXFileReference; fileEncoding = 4; lastKnownFileType = sourcecode.c.objc; path = CarrierMilestoneViewController.m; sourceTree = "<group>"; };
		B26B3C8A19078A4000CB41F9 /* RespPortName.h */ = {isa = PBXFileReference; fileEncoding = 4; lastKnownFileType = sourcecode.c.h; path = RespPortName.h; sourceTree = "<group>"; };
		B26B3C8B19078A4000CB41F9 /* RespPortName.m */ = {isa = PBXFileReference; fileEncoding = 4; lastKnownFileType = sourcecode.c.objc; path = RespPortName.m; sourceTree = "<group>"; };
		B26B3C91190795C700CB41F9 /* SearchPortNameViewController.h */ = {isa = PBXFileReference; fileEncoding = 4; lastKnownFileType = sourcecode.c.h; path = SearchPortNameViewController.h; sourceTree = "<group>"; };
		B26B3C92190795C700CB41F9 /* SearchPortNameViewController.m */ = {isa = PBXFileReference; fileEncoding = 4; lastKnownFileType = sourcecode.c.objc; path = SearchPortNameViewController.m; sourceTree = "<group>"; };
		B26B3C94190797A700CB41F9 /* Cell_portName_list.h */ = {isa = PBXFileReference; fileEncoding = 4; lastKnownFileType = sourcecode.c.h; path = Cell_portName_list.h; sourceTree = "<group>"; };
		B26B3C95190797A700CB41F9 /* Cell_portName_list.m */ = {isa = PBXFileReference; fileEncoding = 4; lastKnownFileType = sourcecode.c.objc; path = Cell_portName_list.m; sourceTree = "<group>"; };
		B26B684618E6969200E2E67B /* DB_device.h */ = {isa = PBXFileReference; fileEncoding = 4; lastKnownFileType = sourcecode.c.h; path = DB_device.h; sourceTree = "<group>"; };
		B26B684718E6969200E2E67B /* DB_device.m */ = {isa = PBXFileReference; fileEncoding = 4; lastKnownFileType = sourcecode.c.objc; path = DB_device.m; sourceTree = "<group>"; };
		B26CAC4418AA302A00C97C83 /* ittracking.app */ = {isa = PBXFileReference; explicitFileType = wrapper.application; includeInIndex = 0; path = ittracking.app; sourceTree = BUILT_PRODUCTS_DIR; };
		B26CAC4718AA302A00C97C83 /* Foundation.framework */ = {isa = PBXFileReference; lastKnownFileType = wrapper.framework; name = Foundation.framework; path = System/Library/Frameworks/Foundation.framework; sourceTree = SDKROOT; };
		B26CAC4918AA302A00C97C83 /* CoreGraphics.framework */ = {isa = PBXFileReference; lastKnownFileType = wrapper.framework; name = CoreGraphics.framework; path = System/Library/Frameworks/CoreGraphics.framework; sourceTree = SDKROOT; };
		B26CAC4B18AA302A00C97C83 /* UIKit.framework */ = {isa = PBXFileReference; lastKnownFileType = wrapper.framework; name = UIKit.framework; path = System/Library/Frameworks/UIKit.framework; sourceTree = SDKROOT; };
		B26CAC4F18AA302A00C97C83 /* ittracking-Info.plist */ = {isa = PBXFileReference; lastKnownFileType = text.plist.xml; path = "ittracking-Info.plist"; sourceTree = "<group>"; };
		B26CAC5118AA302A00C97C83 /* en */ = {isa = PBXFileReference; lastKnownFileType = text.plist.strings; name = en; path = en.lproj/InfoPlist.strings; sourceTree = "<group>"; };
		B26CAC5318AA302A00C97C83 /* main.m */ = {isa = PBXFileReference; lastKnownFileType = sourcecode.c.objc; path = main.m; sourceTree = "<group>"; };
		B26CAC5518AA302A00C97C83 /* ittracking-Prefix.pch */ = {isa = PBXFileReference; lastKnownFileType = sourcecode.c.h; path = "ittracking-Prefix.pch"; sourceTree = "<group>"; };
		B26CAC5618AA302A00C97C83 /* AppDelegate.h */ = {isa = PBXFileReference; lastKnownFileType = sourcecode.c.h; path = AppDelegate.h; sourceTree = "<group>"; };
		B26CAC5718AA302A00C97C83 /* AppDelegate.m */ = {isa = PBXFileReference; lastKnownFileType = sourcecode.c.objc; path = AppDelegate.m; sourceTree = "<group>"; };
		B26CAC5A18AA302A00C97C83 /* Base */ = {isa = PBXFileReference; lastKnownFileType = file.storyboard; name = Base; path = Base.lproj/Main_iPhone.storyboard; sourceTree = "<group>"; };
		B26CAC5F18AA302A00C97C83 /* TrackHomeController.h */ = {isa = PBXFileReference; lastKnownFileType = sourcecode.c.h; path = TrackHomeController.h; sourceTree = "<group>"; };
		B26CAC6018AA302A00C97C83 /* TrackHomeController.m */ = {isa = PBXFileReference; lastKnownFileType = sourcecode.c.objc; path = TrackHomeController.m; sourceTree = "<group>"; };
		B26CAC6218AA302A00C97C83 /* SecondViewController.h */ = {isa = PBXFileReference; lastKnownFileType = sourcecode.c.h; path = SecondViewController.h; sourceTree = "<group>"; };
		B26CAC6318AA302A00C97C83 /* SecondViewController.m */ = {isa = PBXFileReference; lastKnownFileType = sourcecode.c.objc; path = SecondViewController.m; sourceTree = "<group>"; };
		B26CAC6518AA302A00C97C83 /* Images.xcassets */ = {isa = PBXFileReference; lastKnownFileType = folder.assetcatalog; path = Images.xcassets; sourceTree = "<group>"; };
		B26CAC6B18AA302A00C97C83 /* ittrackingTests.xctest */ = {isa = PBXFileReference; explicitFileType = wrapper.cfbundle; includeInIndex = 0; path = ittrackingTests.xctest; sourceTree = BUILT_PRODUCTS_DIR; };
		B26CAC6C18AA302A00C97C83 /* XCTest.framework */ = {isa = PBXFileReference; lastKnownFileType = wrapper.framework; name = XCTest.framework; path = Library/Frameworks/XCTest.framework; sourceTree = DEVELOPER_DIR; };
		B26CAC7418AA302A00C97C83 /* ittrackingTests-Info.plist */ = {isa = PBXFileReference; lastKnownFileType = text.plist.xml; path = "ittrackingTests-Info.plist"; sourceTree = "<group>"; };
		B26CAC7618AA302A00C97C83 /* en */ = {isa = PBXFileReference; lastKnownFileType = text.plist.strings; name = en; path = en.lproj/InfoPlist.strings; sourceTree = "<group>"; };
		B26CAC7818AA302A00C97C83 /* ittrackingTests.m */ = {isa = PBXFileReference; lastKnownFileType = sourcecode.c.objc; path = ittrackingTests.m; sourceTree = "<group>"; };
		B2700B05190E0D2A001E824C /* Custom_Button.h */ = {isa = PBXFileReference; fileEncoding = 4; lastKnownFileType = sourcecode.c.h; path = Custom_Button.h; sourceTree = "<group>"; };
		B2700B06190E0D2A001E824C /* Custom_Button.m */ = {isa = PBXFileReference; fileEncoding = 4; lastKnownFileType = sourcecode.c.objc; path = Custom_Button.m; sourceTree = "<group>"; };
		B272410219132E5800E6EE5F /* DB_portName.h */ = {isa = PBXFileReference; fileEncoding = 4; lastKnownFileType = sourcecode.c.h; path = DB_portName.h; sourceTree = "<group>"; };
		B272410319132E5800E6EE5F /* DB_portName.m */ = {isa = PBXFileReference; fileEncoding = 4; lastKnownFileType = sourcecode.c.objc; path = DB_portName.m; sourceTree = "<group>"; };
		B27387D818FF85C500BF57F2 /* Custom_TextField.h */ = {isa = PBXFileReference; fileEncoding = 4; lastKnownFileType = sourcecode.c.h; path = Custom_TextField.h; sourceTree = "<group>"; };
		B27387D918FF85C500BF57F2 /* Custom_TextField.m */ = {isa = PBXFileReference; fileEncoding = 4; lastKnownFileType = sourcecode.c.objc; path = Custom_TextField.m; sourceTree = "<group>"; };
		B278A90A18D8218F0057DC37 /* MZAppearance.h */ = {isa = PBXFileReference; fileEncoding = 4; lastKnownFileType = sourcecode.c.h; path = MZAppearance.h; sourceTree = "<group>"; };
		B278A90B18D8218F0057DC37 /* MZAppearance.m */ = {isa = PBXFileReference; fileEncoding = 4; lastKnownFileType = sourcecode.c.objc; path = MZAppearance.m; sourceTree = "<group>"; };
		B278A90C18D8218F0057DC37 /* MZFormSheetBackgroundWindow.h */ = {isa = PBXFileReference; fileEncoding = 4; lastKnownFileType = sourcecode.c.h; path = MZFormSheetBackgroundWindow.h; sourceTree = "<group>"; };
		B278A90D18D8218F0057DC37 /* MZFormSheetBackgroundWindow.m */ = {isa = PBXFileReference; fileEncoding = 4; lastKnownFileType = sourcecode.c.objc; path = MZFormSheetBackgroundWindow.m; sourceTree = "<group>"; };
		B278A90E18D8218F0057DC37 /* MZFormSheetBackgroundWindowViewController.h */ = {isa = PBXFileReference; fileEncoding = 4; lastKnownFileType = sourcecode.c.h; path = MZFormSheetBackgroundWindowViewController.h; sourceTree = "<group>"; };
		B278A90F18D8218F0057DC37 /* MZFormSheetBackgroundWindowViewController.m */ = {isa = PBXFileReference; fileEncoding = 4; lastKnownFileType = sourcecode.c.objc; path = MZFormSheetBackgroundWindowViewController.m; sourceTree = "<group>"; };
		B278A91018D8218F0057DC37 /* MZFormSheetController.h */ = {isa = PBXFileReference; fileEncoding = 4; lastKnownFileType = sourcecode.c.h; path = MZFormSheetController.h; sourceTree = "<group>"; };
		B278A91118D8218F0057DC37 /* MZFormSheetController.m */ = {isa = PBXFileReference; fileEncoding = 4; lastKnownFileType = sourcecode.c.objc; path = MZFormSheetController.m; sourceTree = "<group>"; };
		B278A91218D8218F0057DC37 /* MZFormSheetSegue.h */ = {isa = PBXFileReference; fileEncoding = 4; lastKnownFileType = sourcecode.c.h; path = MZFormSheetSegue.h; sourceTree = "<group>"; };
		B278A91318D8218F0057DC37 /* MZFormSheetSegue.m */ = {isa = PBXFileReference; fileEncoding = 4; lastKnownFileType = sourcecode.c.objc; path = MZFormSheetSegue.m; sourceTree = "<group>"; };
		B278A91418D8218F0057DC37 /* MZTransition.h */ = {isa = PBXFileReference; fileEncoding = 4; lastKnownFileType = sourcecode.c.h; path = MZTransition.h; sourceTree = "<group>"; };
		B278A91518D8218F0057DC37 /* MZTransition.m */ = {isa = PBXFileReference; fileEncoding = 4; lastKnownFileType = sourcecode.c.objc; path = MZTransition.m; sourceTree = "<group>"; };
		B278A91618D8218F0057DC37 /* NSInvocation+Copy.h */ = {isa = PBXFileReference; fileEncoding = 4; lastKnownFileType = sourcecode.c.h; path = "NSInvocation+Copy.h"; sourceTree = "<group>"; };
		B278A91718D8218F0057DC37 /* NSInvocation+Copy.m */ = {isa = PBXFileReference; fileEncoding = 4; lastKnownFileType = sourcecode.c.objc; path = "NSInvocation+Copy.m"; sourceTree = "<group>"; };
		B278A91818D8218F0057DC37 /* UIImage+Additional.h */ = {isa = PBXFileReference; fileEncoding = 4; lastKnownFileType = sourcecode.c.h; path = "UIImage+Additional.h"; sourceTree = "<group>"; };
		B278A91918D8218F0057DC37 /* UIImage+Additional.m */ = {isa = PBXFileReference; fileEncoding = 4; lastKnownFileType = sourcecode.c.objc; path = "UIImage+Additional.m"; sourceTree = "<group>"; };
		B278A91A18D8218F0057DC37 /* UIViewController+TargetViewController.h */ = {isa = PBXFileReference; fileEncoding = 4; lastKnownFileType = sourcecode.c.h; path = "UIViewController+TargetViewController.h"; sourceTree = "<group>"; };
		B278A91B18D8218F0057DC37 /* UIViewController+TargetViewController.m */ = {isa = PBXFileReference; fileEncoding = 4; lastKnownFileType = sourcecode.c.objc; path = "UIViewController+TargetViewController.m"; sourceTree = "<group>"; };
		B278A92818D832AA0057DC37 /* LoginViewController.h */ = {isa = PBXFileReference; fileEncoding = 4; lastKnownFileType = sourcecode.c.h; path = LoginViewController.h; sourceTree = "<group>"; };
		B278A92918D832AA0057DC37 /* LoginViewController.m */ = {isa = PBXFileReference; fileEncoding = 4; lastKnownFileType = sourcecode.c.objc; path = LoginViewController.m; sourceTree = "<group>"; };
		B27EF99419A43DE8007A7124 /* Custom_headView.h */ = {isa = PBXFileReference; fileEncoding = 4; lastKnownFileType = sourcecode.c.h; path = Custom_headView.h; sourceTree = "<group>"; };
		B27EF99519A43DE8007A7124 /* Custom_headView.m */ = {isa = PBXFileReference; fileEncoding = 4; lastKnownFileType = sourcecode.c.objc; path = Custom_headView.m; sourceTree = "<group>"; };
		B27EF99B19A4441B007A7124 /* Cell_Carrier_milestone.h */ = {isa = PBXFileReference; fileEncoding = 4; lastKnownFileType = sourcecode.c.h; path = Cell_Carrier_milestone.h; sourceTree = "<group>"; };
		B27EF99C19A4441B007A7124 /* Cell_Carrier_milestone.m */ = {isa = PBXFileReference; fileEncoding = 4; lastKnownFileType = sourcecode.c.objc; path = Cell_Carrier_milestone.m; sourceTree = "<group>"; };
		B27EF9A119A4492C007A7124 /* DB_Excntr_status.h */ = {isa = PBXFileReference; fileEncoding = 4; lastKnownFileType = sourcecode.c.h; path = DB_Excntr_status.h; sourceTree = "<group>"; };
		B27EF9A219A4492C007A7124 /* DB_Excntr_status.m */ = {isa = PBXFileReference; fileEncoding = 4; lastKnownFileType = sourcecode.c.objc; path = DB_Excntr_status.m; sourceTree = "<group>"; };
		B28209D118E518C90027227A /* MainHomeViewController.h */ = {isa = PBXFileReference; fileEncoding = 4; lastKnownFileType = sourcecode.c.h; path = MainHomeViewController.h; sourceTree = "<group>"; };
		B28209D218E518C90027227A /* MainHomeViewController.m */ = {isa = PBXFileReference; fileEncoding = 4; lastKnownFileType = sourcecode.c.objc; path = MainHomeViewController.m; sourceTree = "<group>"; };
		B284FBCE19175F0300EDEBA8 /* RespSearchCriteria.h */ = {isa = PBXFileReference; fileEncoding = 4; lastKnownFileType = sourcecode.c.h; path = RespSearchCriteria.h; sourceTree = "<group>"; };
		B284FBCF19175F0300EDEBA8 /* RespSearchCriteria.m */ = {isa = PBXFileReference; fileEncoding = 4; lastKnownFileType = sourcecode.c.objc; path = RespSearchCriteria.m; sourceTree = "<group>"; };
		B284FBD11917694A00EDEBA8 /* DB_searchCriteria.h */ = {isa = PBXFileReference; fileEncoding = 4; lastKnownFileType = sourcecode.c.h; path = DB_searchCriteria.h; sourceTree = "<group>"; };
		B284FBD21917694A00EDEBA8 /* DB_searchCriteria.m */ = {isa = PBXFileReference; fileEncoding = 4; lastKnownFileType = sourcecode.c.objc; path = DB_searchCriteria.m; sourceTree = "<group>"; };
		B288CFDE18DA945E0089F877 /* DB_login.h */ = {isa = PBXFileReference; fileEncoding = 4; lastKnownFileType = sourcecode.c.h; path = DB_login.h; sourceTree = "<group>"; };
		B288CFDF18DA945E0089F877 /* DB_login.m */ = {isa = PBXFileReference; fileEncoding = 4; lastKnownFileType = sourcecode.c.objc; path = DB_login.m; sourceTree = "<group>"; };
		B2923512191A119C00F9F8B8 /* PopViewManager.h */ = {isa = PBXFileReference; fileEncoding = 4; lastKnownFileType = sourcecode.c.h; path = PopViewManager.h; sourceTree = "<group>"; };
		B2923513191A119C00F9F8B8 /* PopViewManager.m */ = {isa = PBXFileReference; fileEncoding = 4; lastKnownFileType = sourcecode.c.objc; path = PopViewManager.m; sourceTree = "<group>"; };
		B2A976FD18CF18290096BD4B /* FMDatabase.h */ = {isa = PBXFileReference; fileEncoding = 4; lastKnownFileType = sourcecode.c.h; path = FMDatabase.h; sourceTree = "<group>"; };
		B2A976FE18CF18290096BD4B /* FMDatabase.m */ = {isa = PBXFileReference; fileEncoding = 4; lastKnownFileType = sourcecode.c.objc; path = FMDatabase.m; sourceTree = "<group>"; };
		B2A976FF18CF18290096BD4B /* FMDatabaseAdditions.h */ = {isa = PBXFileReference; fileEncoding = 4; lastKnownFileType = sourcecode.c.h; path = FMDatabaseAdditions.h; sourceTree = "<group>"; };
		B2A9770018CF18290096BD4B /* FMDatabaseAdditions.m */ = {isa = PBXFileReference; fileEncoding = 4; lastKnownFileType = sourcecode.c.objc; path = FMDatabaseAdditions.m; sourceTree = "<group>"; };
		B2A9770118CF18290096BD4B /* FMDatabasePool.h */ = {isa = PBXFileReference; fileEncoding = 4; lastKnownFileType = sourcecode.c.h; path = FMDatabasePool.h; sourceTree = "<group>"; };
		B2A9770218CF18290096BD4B /* FMDatabasePool.m */ = {isa = PBXFileReference; fileEncoding = 4; lastKnownFileType = sourcecode.c.objc; path = FMDatabasePool.m; sourceTree = "<group>"; };
		B2A9770318CF18290096BD4B /* FMDatabaseQueue.h */ = {isa = PBXFileReference; fileEncoding = 4; lastKnownFileType = sourcecode.c.h; path = FMDatabaseQueue.h; sourceTree = "<group>"; };
		B2A9770418CF18290096BD4B /* FMDatabaseQueue.m */ = {isa = PBXFileReference; fileEncoding = 4; lastKnownFileType = sourcecode.c.objc; path = FMDatabaseQueue.m; sourceTree = "<group>"; };
		B2A9770518CF18290096BD4B /* FMResultSet.h */ = {isa = PBXFileReference; fileEncoding = 4; lastKnownFileType = sourcecode.c.h; path = FMResultSet.h; sourceTree = "<group>"; };
		B2A9770618CF18290096BD4B /* FMResultSet.m */ = {isa = PBXFileReference; fileEncoding = 4; lastKnownFileType = sourcecode.c.objc; path = FMResultSet.m; sourceTree = "<group>"; };
		B2AD1FB51900CA7900F0E0A7 /* Cell_schedule_section1.h */ = {isa = PBXFileReference; fileEncoding = 4; lastKnownFileType = sourcecode.c.h; path = Cell_schedule_section1.h; sourceTree = "<group>"; };
		B2AD1FB61900CA7900F0E0A7 /* Cell_schedule_section1.m */ = {isa = PBXFileReference; fileEncoding = 4; lastKnownFileType = sourcecode.c.objc; path = Cell_schedule_section1.m; sourceTree = "<group>"; };
		B2AD1FBC1900D87300F0E0A7 /* Cell_schedule_section2_row1.h */ = {isa = PBXFileReference; fileEncoding = 4; lastKnownFileType = sourcecode.c.h; path = Cell_schedule_section2_row1.h; sourceTree = "<group>"; };
		B2AD1FBD1900D87300F0E0A7 /* Cell_schedule_section2_row1.m */ = {isa = PBXFileReference; fileEncoding = 4; lastKnownFileType = sourcecode.c.objc; path = Cell_schedule_section2_row1.m; sourceTree = "<group>"; };
		B2AD1FBF1900D89300F0E0A7 /* Cell_schedule_section2_row3.h */ = {isa = PBXFileReference; fileEncoding = 4; lastKnownFileType = sourcecode.c.h; path = Cell_schedule_section2_row3.h; sourceTree = "<group>"; };
		B2AD1FC01900D89300F0E0A7 /* Cell_schedule_section2_row3.m */ = {isa = PBXFileReference; fileEncoding = 4; lastKnownFileType = sourcecode.c.objc; path = Cell_schedule_section2_row3.m; sourceTree = "<group>"; };
		B2AFA526190F44C900778F75 /* Custom_backgroundView.h */ = {isa = PBXFileReference; fileEncoding = 4; lastKnownFileType = sourcecode.c.h; path = Custom_backgroundView.h; sourceTree = "<group>"; };
		B2AFA527190F44C900778F75 /* Custom_backgroundView.m */ = {isa = PBXFileReference; fileEncoding = 4; lastKnownFileType = sourcecode.c.objc; path = Custom_backgroundView.m; sourceTree = "<group>"; };
		B2B020B618AB52D100EECD92 /* ExhblListController.h */ = {isa = PBXFileReference; fileEncoding = 4; lastKnownFileType = sourcecode.c.h; path = ExhblListController.h; sourceTree = "<group>"; };
		B2B020B718AB52D100EECD92 /* ExhblListController.m */ = {isa = PBXFileReference; fileEncoding = 4; lastKnownFileType = sourcecode.c.objc; path = ExhblListController.m; sourceTree = "<group>"; };
		B2B020BB18AB5DFE00EECD92 /* Candy.h */ = {isa = PBXFileReference; fileEncoding = 4; lastKnownFileType = sourcecode.c.h; path = Candy.h; sourceTree = "<group>"; };
		B2B020BC18AB5DFE00EECD92 /* Candy.m */ = {isa = PBXFileReference; fileEncoding = 4; lastKnownFileType = sourcecode.c.objc; path = Candy.m; sourceTree = "<group>"; };
		B2B020C218AB5F6500EECD92 /* CandyTableViewController.h */ = {isa = PBXFileReference; fileEncoding = 4; lastKnownFileType = sourcecode.c.h; path = CandyTableViewController.h; sourceTree = "<group>"; };
		B2B020C318AB5F6500EECD92 /* CandyTableViewController.m */ = {isa = PBXFileReference; fileEncoding = 4; lastKnownFileType = sourcecode.c.objc; path = CandyTableViewController.m; sourceTree = "<group>"; };
		B2B020C618ACB69F00EECD92 /* DBTest.h */ = {isa = PBXFileReference; fileEncoding = 4; lastKnownFileType = sourcecode.c.h; path = DBTest.h; sourceTree = "<group>"; };
		B2B020C718ACB69F00EECD92 /* DBTest.m */ = {isa = PBXFileReference; fileEncoding = 4; lastKnownFileType = sourcecode.c.objc; path = DBTest.m; sourceTree = "<group>"; };
		B2B020CD18ACD15900EECD92 /* libsqlite3.dylib */ = {isa = PBXFileReference; lastKnownFileType = "compiled.mach-o.dylib"; name = libsqlite3.dylib; path = usr/lib/libsqlite3.dylib; sourceTree = SDKROOT; };
		B2B020CF18AF12CA00EECD92 /* libsqlite3.0.dylib */ = {isa = PBXFileReference; lastKnownFileType = "compiled.mach-o.dylib"; name = libsqlite3.0.dylib; path = usr/lib/libsqlite3.0.dylib; sourceTree = SDKROOT; };
		B2B2A70919A58213009F3AE2 /* Calculate_lineHeight.h */ = {isa = PBXFileReference; fileEncoding = 4; lastKnownFileType = sourcecode.c.h; path = Calculate_lineHeight.h; sourceTree = "<group>"; };
		B2B2A70A19A58213009F3AE2 /* Calculate_lineHeight.m */ = {isa = PBXFileReference; fileEncoding = 4; lastKnownFileType = sourcecode.c.objc; path = Calculate_lineHeight.m; sourceTree = "<group>"; };
		B2C216D418C85E5900A46809 /* DB_alert.h */ = {isa = PBXFileReference; fileEncoding = 4; lastKnownFileType = sourcecode.c.h; path = DB_alert.h; sourceTree = "<group>"; };
		B2C216D518C85E5900A46809 /* DB_alert.m */ = {isa = PBXFileReference; fileEncoding = 4; lastKnownFileType = sourcecode.c.objc; path = DB_alert.m; sourceTree = "<group>"; };
		B2C216DC18C8AC7A00A46809 /* NSDictionary.h */ = {isa = PBXFileReference; fileEncoding = 4; lastKnownFileType = sourcecode.c.h; path = NSDictionary.h; sourceTree = "<group>"; };
		B2C216DD18C8AC7A00A46809 /* NSDictionary.m */ = {isa = PBXFileReference; fileEncoding = 4; lastKnownFileType = sourcecode.c.objc; path = NSDictionary.m; sourceTree = "<group>"; };
		B2C2171218CAC41300A46809 /* RestKit.xcodeproj */ = {isa = PBXFileReference; lastKnownFileType = "wrapper.pb-project"; name = RestKit.xcodeproj; path = ../RestKit/RestKit.xcodeproj; sourceTree = "<group>"; };
		B2C2348218B35149001E13C9 /* CFNetwork.framework */ = {isa = PBXFileReference; lastKnownFileType = wrapper.framework; name = CFNetwork.framework; path = System/Library/Frameworks/CFNetwork.framework; sourceTree = SDKROOT; };
		B2C2348418B3515D001E13C9 /* CoreData.framework */ = {isa = PBXFileReference; lastKnownFileType = wrapper.framework; name = CoreData.framework; path = System/Library/Frameworks/CoreData.framework; sourceTree = SDKROOT; };
		B2C2348618B3516B001E13C9 /* libxml2.2.dylib */ = {isa = PBXFileReference; lastKnownFileType = "compiled.mach-o.dylib"; name = libxml2.2.dylib; path = usr/lib/libxml2.2.dylib; sourceTree = SDKROOT; };
		B2C2348818B35177001E13C9 /* MobileCoreServices.framework */ = {isa = PBXFileReference; lastKnownFileType = wrapper.framework; name = MobileCoreServices.framework; path = System/Library/Frameworks/MobileCoreServices.framework; sourceTree = SDKROOT; };
		B2C237F718B364DF001E13C9 /* QuartzCore.framework */ = {isa = PBXFileReference; lastKnownFileType = wrapper.framework; name = QuartzCore.framework; path = System/Library/Frameworks/QuartzCore.framework; sourceTree = SDKROOT; };
		B2C237F918B364EA001E13C9 /* Security.framework */ = {isa = PBXFileReference; lastKnownFileType = wrapper.framework; name = Security.framework; path = System/Library/Frameworks/Security.framework; sourceTree = SDKROOT; };
		B2C237FB18B364F5001E13C9 /* SystemConfiguration.framework */ = {isa = PBXFileReference; lastKnownFileType = wrapper.framework; name = SystemConfiguration.framework; path = System/Library/Frameworks/SystemConfiguration.framework; sourceTree = SDKROOT; };
		B2C237FD18B37153001E13C9 /* AuthContract.h */ = {isa = PBXFileReference; fileEncoding = 4; lastKnownFileType = sourcecode.c.h; path = AuthContract.h; sourceTree = "<group>"; };
		B2C237FE18B37153001E13C9 /* AuthContract.m */ = {isa = PBXFileReference; fileEncoding = 4; lastKnownFileType = sourcecode.c.objc; path = AuthContract.m; sourceTree = "<group>"; };
		B2C2380018B372D6001E13C9 /* RequestContract.h */ = {isa = PBXFileReference; fileEncoding = 4; lastKnownFileType = sourcecode.c.h; path = RequestContract.h; sourceTree = "<group>"; };
		B2C2380118B372D6001E13C9 /* RequestContract.m */ = {isa = PBXFileReference; fileEncoding = 4; lastKnownFileType = sourcecode.c.objc; path = RequestContract.m; sourceTree = "<group>"; };
		B2C2380318B37465001E13C9 /* SearchFormContract.h */ = {isa = PBXFileReference; fileEncoding = 4; lastKnownFileType = sourcecode.c.h; path = SearchFormContract.h; sourceTree = "<group>"; };
		B2C2380418B37466001E13C9 /* SearchFormContract.m */ = {isa = PBXFileReference; fileEncoding = 4; lastKnownFileType = sourcecode.c.objc; path = SearchFormContract.m; sourceTree = "<group>"; };
		B2C2380718B5EAB5001E13C9 /* RespExhbl.h */ = {isa = PBXFileReference; fileEncoding = 4; lastKnownFileType = sourcecode.c.h; path = RespExhbl.h; sourceTree = "<group>"; };
		B2C2380818B5EAB5001E13C9 /* RespExhbl.m */ = {isa = PBXFileReference; fileEncoding = 4; lastKnownFileType = sourcecode.c.objc; path = RespExhbl.m; sourceTree = "<group>"; };
		B2C6ED7918E58B570001837B /* Menu_home.h */ = {isa = PBXFileReference; fileEncoding = 4; lastKnownFileType = sourcecode.c.h; path = Menu_home.h; sourceTree = "<group>"; };
		B2C6ED7A18E58B570001837B /* Menu_home.m */ = {isa = PBXFileReference; fileEncoding = 4; lastKnownFileType = sourcecode.c.objc; path = Menu_home.m; sourceTree = "<group>"; };
		B2C6ED8418E59FA80001837B /* Cell_menu_item.h */ = {isa = PBXFileReference; fileEncoding = 4; lastKnownFileType = sourcecode.c.h; path = Cell_menu_item.h; sourceTree = "<group>"; };
		B2C6ED8518E59FA80001837B /* Cell_menu_item.m */ = {isa = PBXFileReference; fileEncoding = 4; lastKnownFileType = sourcecode.c.objc; path = Cell_menu_item.m; sourceTree = "<group>"; };
		B2C92B28192DAB7800B2B8D0 /* RespIcon.h */ = {isa = PBXFileReference; fileEncoding = 4; lastKnownFileType = sourcecode.c.h; path = RespIcon.h; sourceTree = "<group>"; };
		B2C92B29192DAB7800B2B8D0 /* RespIcon.m */ = {isa = PBXFileReference; fileEncoding = 4; lastKnownFileType = sourcecode.c.objc; path = RespIcon.m; sourceTree = "<group>"; };
		B2C92B2F192DAE2B00B2B8D0 /* DB_icon.h */ = {isa = PBXFileReference; fileEncoding = 4; lastKnownFileType = sourcecode.c.h; path = DB_icon.h; sourceTree = "<group>"; };
		B2C92B30192DAE2B00B2B8D0 /* DB_icon.m */ = {isa = PBXFileReference; fileEncoding = 4; lastKnownFileType = sourcecode.c.objc; path = DB_icon.m; sourceTree = "<group>"; };
		B2CD15691910B3A40025DD93 /* Custom_SearchBtn.h */ = {isa = PBXFileReference; fileEncoding = 4; lastKnownFileType = sourcecode.c.h; path = Custom_SearchBtn.h; sourceTree = "<group>"; };
		B2CD156A1910B3A40025DD93 /* Custom_SearchBtn.m */ = {isa = PBXFileReference; fileEncoding = 4; lastKnownFileType = sourcecode.c.objc; path = Custom_SearchBtn.m; sourceTree = "<group>"; };
/* End PBXFileReference section */

/* Begin PBXFrameworksBuildPhase section */
		B26CAC4118AA302A00C97C83 /* Frameworks */ = {
			isa = PBXFrameworksBuildPhase;
			buildActionMask = 2147483647;
			files = (
				B25740FA18EBF17F0060190B /* CoreLocation.framework in Frameworks */,
				B25740B518EBE3BF0060190B /* MapKit.framework in Frameworks */,
				B2F9C2AC18CAC579006B7299 /* libRestKit.a in Frameworks */,
				B2C237FC18B364F5001E13C9 /* SystemConfiguration.framework in Frameworks */,
				B2C237FA18B364EA001E13C9 /* Security.framework in Frameworks */,
				B2C237F818B364DF001E13C9 /* QuartzCore.framework in Frameworks */,
				B2C2348918B35177001E13C9 /* MobileCoreServices.framework in Frameworks */,
				B2C2348718B3516B001E13C9 /* libxml2.2.dylib in Frameworks */,
				B2C2348518B3515D001E13C9 /* CoreData.framework in Frameworks */,
				B2C2348318B35149001E13C9 /* CFNetwork.framework in Frameworks */,
				B2B020D018AF12CA00EECD92 /* libsqlite3.0.dylib in Frameworks */,
				B2B020CE18ACD15900EECD92 /* libsqlite3.dylib in Frameworks */,
				B26CAC4A18AA302A00C97C83 /* CoreGraphics.framework in Frameworks */,
				B26CAC4C18AA302A00C97C83 /* UIKit.framework in Frameworks */,
				B26CAC4818AA302A00C97C83 /* Foundation.framework in Frameworks */,
			);
			runOnlyForDeploymentPostprocessing = 0;
		};
		B26CAC6818AA302A00C97C83 /* Frameworks */ = {
			isa = PBXFrameworksBuildPhase;
			buildActionMask = 2147483647;
			files = (
				B26CAC6D18AA302A00C97C83 /* XCTest.framework in Frameworks */,
				B26CAC6F18AA302A00C97C83 /* UIKit.framework in Frameworks */,
				B26CAC6E18AA302A00C97C83 /* Foundation.framework in Frameworks */,
			);
			runOnlyForDeploymentPostprocessing = 0;
		};
/* End PBXFrameworksBuildPhase section */

/* Begin PBXGroup section */
		B2307B0C18BD8423000502BE /* ThirdParty */ = {
			isa = PBXGroup;
			children = (
				B25310F8191C72250049AFDA /* Expandable Table */,
				B2571CDB18E543D200C7DFA3 /* CustomBadge */,
				B278A90518D820F70057DC37 /* MZFormSheet */,
				B2307B0D18BD8436000502BE /* MBProgressHUD */,
				B2B020D118AF1BFD00EECD92 /* FMDB */,
			);
			name = ThirdParty;
			sourceTree = "<group>";
		};
		B2307B0D18BD8436000502BE /* MBProgressHUD */ = {
			isa = PBXGroup;
			children = (
				B2307B0E18BD84AF000502BE /* MBProgressHUD.h */,
				B2307B0F18BD84AF000502BE /* MBProgressHUD.m */,
			);
			name = MBProgressHUD;
			sourceTree = "<group>";
		};
		B2307B2318BEEA43000502BE /* WebRequest */ = {
			isa = PBXGroup;
			children = (
				B2307B2418BEEA82000502BE /* Web_get_alert.h */,
				B2307B2518BEEA82000502BE /* Web_get_alert.m */,
				B23D80F018E18D4700316700 /* Web_base.h */,
				B23D80F118E18D4700316700 /* Web_base.m */,
			);
			name = WebRequest;
			sourceTree = "<group>";
		};
		B2307B2718BEEDE5000502BE /* GlobalConst */ = {
			isa = PBXGroup;
			children = (
				B2307B2818BEEE36000502BE /* AppConstants.h */,
				B2307B2918BEEE36000502BE /* AppConstants.m */,
			);
			name = GlobalConst;
			sourceTree = "<group>";
		};
		B242208718B7479900D4A75C /* Controller */ = {
			isa = PBXGroup;
			children = (
				B278A92818D832AA0057DC37 /* LoginViewController.h */,
				B278A92918D832AA0057DC37 /* LoginViewController.m */,
				B239B00118E66AA700C26552 /* LogoutViewController.h */,
				B239B00218E66AA700C26552 /* LogoutViewController.m */,
				B28209D118E518C90027227A /* MainHomeViewController.h */,
				B28209D218E518C90027227A /* MainHomeViewController.m */,
				B26CAC5F18AA302A00C97C83 /* TrackHomeController.h */,
				B26CAC6018AA302A00C97C83 /* TrackHomeController.m */,
				B2B020B618AB52D100EECD92 /* ExhblListController.h */,
				B2B020B718AB52D100EECD92 /* ExhblListController.m */,
				B242209018BAED3000D4A75C /* ExhblHomeController.h */,
				B242209118BAED3000D4A75C /* ExhblHomeController.m */,
				B242209918BB303600D4A75C /* ExhblGeneralController.h */,
				B242209A18BB303600D4A75C /* ExhblGeneralController.m */,
				B25BE7BA18ECEF0000F41409 /* MapViewController.h */,
				B25BE7BB18ECEF0000F41409 /* MapViewController.m */,
				B2307B0418BC920F000502BE /* MilestoneController.h */,
				B2307B0518BC920F000502BE /* MilestoneController.m */,
				B26A069419A335520002EA96 /* CarrierMilestoneViewController.h */,
				B26A069519A335520002EA96 /* CarrierMilestoneViewController.m */,
				B24555CD18D166A500D47DC7 /* AehblListController.h */,
				B24555CE18D166A500D47DC7 /* AehblListController.m */,
				B22D6C1A18D1A7CB00DE4DB5 /* AehblHomeController.h */,
				B22D6C1B18D1A7CB00DE4DB5 /* AehblHomeController.m */,
				B24E83AA18D2A50700C29034 /* AehblGeneralController.h */,
				B24E83AB18D2A50700C29034 /* AehblGeneralController.m */,
				B2307B1718BDC748000502BE /* AlertController.h */,
				B2307B1818BDC748000502BE /* AlertController.m */,
				B2531106191C73E10049AFDA /* ExpandSearchCriteriaViewController.h */,
				B2531107191C73E10049AFDA /* ExpandSearchCriteriaViewController.m */,
				B225B470190204FE009F1F25 /* DetailScheduleViewController.h */,
				B225B471190204FE009F1F25 /* DetailScheduleViewController.m */,
				B25490101904A6D800D7197A /* SortByViewController.h */,
				B25490111904A6D800D7197A /* SortByViewController.m */,
				B26B3C91190795C700CB41F9 /* SearchPortNameViewController.h */,
				B26B3C92190795C700CB41F9 /* SearchPortNameViewController.m */,
			);
			name = Controller;
			sourceTree = "<group>";
		};
		B242208818B747BE00D4A75C /* Cell */ = {
			isa = PBXGroup;
			children = (
				B242209618BB2F1C00D4A75C /* Cell_exhbl_general_detail.h */,
				B242209718BB2F1C00D4A75C /* Cell_exhbl_general_detail.m */,
				B2307AFA18BC7E25000502BE /* Cell_exhbl_general_hdr.h */,
				B2307AFB18BC7E25000502BE /* Cell_exhbl_general_hdr.m */,
				B242208418B7470B00D4A75C /* Cell_exhbl_list.h */,
				B242208518B7470B00D4A75C /* Cell_exhbl_list.m */,
				B2307B0118BC9057000502BE /* Cell_milestone.h */,
				B2307B0218BC9057000502BE /* Cell_milestone.m */,
				B2307B1418BDC36B000502BE /* Cell_alert_list.h */,
				B2307B1518BDC36B000502BE /* Cell_alert_list.m */,
				B22D6C1218D18D0500DE4DB5 /* Cell_aehbl_list.h */,
				B22D6C1318D18D0500DE4DB5 /* Cell_aehbl_list.m */,
				B2C6ED8418E59FA80001837B /* Cell_menu_item.h */,
				B2C6ED8518E59FA80001837B /* Cell_menu_item.m */,
				B2AD1FB51900CA7900F0E0A7 /* Cell_schedule_section1.h */,
				B2AD1FB61900CA7900F0E0A7 /* Cell_schedule_section1.m */,
				B2AD1FBC1900D87300F0E0A7 /* Cell_schedule_section2_row1.h */,
				B2AD1FBD1900D87300F0E0A7 /* Cell_schedule_section2_row1.m */,
				B2AD1FBF1900D89300F0E0A7 /* Cell_schedule_section2_row3.h */,
				B2AD1FC01900D89300F0E0A7 /* Cell_schedule_section2_row3.m */,
				B225B49D190261FE009F1F25 /* Cell_sortBy_list.h */,
				B225B49E190261FE009F1F25 /* Cell_sortBy_list.m */,
				B25490171904EFF200D7197A /* Cell_detail_schedule.h */,
				B25490181904EFF200D7197A /* Cell_detail_schedule.m */,
				B26B3C94190797A700CB41F9 /* Cell_portName_list.h */,
				B26B3C95190797A700CB41F9 /* Cell_portName_list.m */,
				B27EF99B19A4441B007A7124 /* Cell_Carrier_milestone.h */,
				B27EF99C19A4441B007A7124 /* Cell_Carrier_milestone.m */,
			);
			name = Cell;
			sourceTree = "<group>";
		};
		B242208918B8464200D4A75C /* Resource */ = {
			isa = PBXGroup;
			children = (
				B250BFBC19AB428F005EA993 /* KeyboardNoticeManager.h */,
				B250BFBD19AB428F005EA993 /* KeyboardNoticeManager.m */,
				B242208A18B8467300D4A75C /* Res_color.h */,
				B242208B18B8467300D4A75C /* Res_color.m */,
				B230189618ED66CA004B6CCC /* MapAnnotation.h */,
				B230189718ED66CA004B6CCC /* MapAnnotation.m */,
				B2923512191A119C00F9F8B8 /* PopViewManager.h */,
				B2923513191A119C00F9F8B8 /* PopViewManager.m */,
				B2B2A70919A58213009F3AE2 /* Calculate_lineHeight.h */,
				B2B2A70A19A58213009F3AE2 /* Calculate_lineHeight.m */,
			);
			name = Resource;
			sourceTree = "<group>";
		};
		B25310F8191C72250049AFDA /* Expandable Table */ = {
			isa = PBXGroup;
			children = (
				B25310FD191C728C0049AFDA /* SKSTableView.h */,
				B25310FE191C728C0049AFDA /* SKSTableView.m */,
				B25310FF191C728C0049AFDA /* SKSTableViewCell.h */,
				B2531100191C728C0049AFDA /* SKSTableViewCell.m */,
			);
			name = "Expandable Table";
			sourceTree = "<group>";
		};
		B2571CDB18E543D200C7DFA3 /* CustomBadge */ = {
			isa = PBXGroup;
			children = (
				B2571CE018E5441F00C7DFA3 /* CustomBadge.m */,
				B2571CE118E5441F00C7DFA3 /* CustomBadge.h */,
			);
			name = CustomBadge;
			sourceTree = "<group>";
		};
		B26CAC3B18AA302A00C97C83 = {
			isa = PBXGroup;
			children = (
				B2C2171218CAC41300A46809 /* RestKit.xcodeproj */,
				B26CAC4D18AA302A00C97C83 /* ittracking */,
				B26CAC7218AA302A00C97C83 /* ittrackingTests */,
				B26CAC4618AA302A00C97C83 /* Frameworks */,
				B26CAC4518AA302A00C97C83 /* Products */,
			);
			sourceTree = "<group>";
		};
		B26CAC4518AA302A00C97C83 /* Products */ = {
			isa = PBXGroup;
			children = (
				B26CAC4418AA302A00C97C83 /* ittracking.app */,
				B26CAC6B18AA302A00C97C83 /* ittrackingTests.xctest */,
			);
			name = Products;
			sourceTree = "<group>";
		};
		B26CAC4618AA302A00C97C83 /* Frameworks */ = {
			isa = PBXGroup;
			children = (
				B25740F918EBF17F0060190B /* CoreLocation.framework */,
				B25740B418EBE3BF0060190B /* MapKit.framework */,
				B2C237FB18B364F5001E13C9 /* SystemConfiguration.framework */,
				B2C237F918B364EA001E13C9 /* Security.framework */,
				B2C237F718B364DF001E13C9 /* QuartzCore.framework */,
				B2C2348818B35177001E13C9 /* MobileCoreServices.framework */,
				B2C2348618B3516B001E13C9 /* libxml2.2.dylib */,
				B2C2348418B3515D001E13C9 /* CoreData.framework */,
				B2C2348218B35149001E13C9 /* CFNetwork.framework */,
				B2B020CF18AF12CA00EECD92 /* libsqlite3.0.dylib */,
				B2B020CD18ACD15900EECD92 /* libsqlite3.dylib */,
				B26CAC4718AA302A00C97C83 /* Foundation.framework */,
				B26CAC4918AA302A00C97C83 /* CoreGraphics.framework */,
				B26CAC4B18AA302A00C97C83 /* UIKit.framework */,
				B26CAC6C18AA302A00C97C83 /* XCTest.framework */,
			);
			name = Frameworks;
			sourceTree = "<group>";
		};
		B26CAC4D18AA302A00C97C83 /* ittracking */ = {
			isa = PBXGroup;
			children = (
				B2DB648518FC0CA400FFA6A0 /* iPad */,
				B2C216DB18C8AC3500A46809 /* Helper */,
				B2307B2718BEEDE5000502BE /* GlobalConst */,
				B242208918B8464200D4A75C /* Resource */,
				B2307B0C18BD8423000502BE /* ThirdParty */,
				B2B020CC18ACBD6300EECD92 /* DTOs */,
				B2B020C518ACB64900EECD92 /* DataAccess */,
				B2B020B918AB5D8F00EECD92 /* Model */,
				B2B020B018AB4CEE00EECD92 /* GUI */,
				B26CAC5618AA302A00C97C83 /* AppDelegate.h */,
				B26CAC5718AA302A00C97C83 /* AppDelegate.m */,
				B242208718B7479900D4A75C /* Controller */,
				B26CAC5918AA302A00C97C83 /* Main_iPhone.storyboard */,
				B26CAC6518AA302A00C97C83 /* Images.xcassets */,
				B26CAC6218AA302A00C97C83 /* SecondViewController.h */,
				B26CAC6318AA302A00C97C83 /* SecondViewController.m */,
				B26CAC4E18AA302A00C97C83 /* Supporting Files */,
			);
			path = ittracking;
			sourceTree = "<group>";
		};
		B26CAC4E18AA302A00C97C83 /* Supporting Files */ = {
			isa = PBXGroup;
			children = (
				B26CAC4F18AA302A00C97C83 /* ittracking-Info.plist */,
				B26CAC5018AA302A00C97C83 /* InfoPlist.strings */,
				B26CAC5318AA302A00C97C83 /* main.m */,
				B26CAC5518AA302A00C97C83 /* ittracking-Prefix.pch */,
			);
			name = "Supporting Files";
			sourceTree = "<group>";
		};
		B26CAC7218AA302A00C97C83 /* ittrackingTests */ = {
			isa = PBXGroup;
			children = (
				B26CAC7818AA302A00C97C83 /* ittrackingTests.m */,
				B26CAC7318AA302A00C97C83 /* Supporting Files */,
			);
			path = ittrackingTests;
			sourceTree = "<group>";
		};
		B26CAC7318AA302A00C97C83 /* Supporting Files */ = {
			isa = PBXGroup;
			children = (
				B26CAC7418AA302A00C97C83 /* ittrackingTests-Info.plist */,
				B26CAC7518AA302A00C97C83 /* InfoPlist.strings */,
			);
			name = "Supporting Files";
			sourceTree = "<group>";
		};
		B27387D318FF854B00BF57F2 /* customControl */ = {
			isa = PBXGroup;
			children = (
				B27387D818FF85C500BF57F2 /* Custom_TextField.h */,
				B27387D918FF85C500BF57F2 /* Custom_TextField.m */,
				B2700B05190E0D2A001E824C /* Custom_Button.h */,
				B2700B06190E0D2A001E824C /* Custom_Button.m */,
				B2AFA526190F44C900778F75 /* Custom_backgroundView.h */,
				B2AFA527190F44C900778F75 /* Custom_backgroundView.m */,
				B2CD15691910B3A40025DD93 /* Custom_SearchBtn.h */,
				B2CD156A1910B3A40025DD93 /* Custom_SearchBtn.m */,
				B27EF99419A43DE8007A7124 /* Custom_headView.h */,
				B27EF99519A43DE8007A7124 /* Custom_headView.m */,
			);
			name = customControl;
			sourceTree = "<group>";
		};
		B278A90518D820F70057DC37 /* MZFormSheet */ = {
			isa = PBXGroup;
			children = (
				B278A90A18D8218F0057DC37 /* MZAppearance.h */,
				B278A90B18D8218F0057DC37 /* MZAppearance.m */,
				B278A90C18D8218F0057DC37 /* MZFormSheetBackgroundWindow.h */,
				B278A90D18D8218F0057DC37 /* MZFormSheetBackgroundWindow.m */,
				B278A90E18D8218F0057DC37 /* MZFormSheetBackgroundWindowViewController.h */,
				B278A90F18D8218F0057DC37 /* MZFormSheetBackgroundWindowViewController.m */,
				B278A91018D8218F0057DC37 /* MZFormSheetController.h */,
				B278A91118D8218F0057DC37 /* MZFormSheetController.m */,
				B278A91218D8218F0057DC37 /* MZFormSheetSegue.h */,
				B278A91318D8218F0057DC37 /* MZFormSheetSegue.m */,
				B278A91418D8218F0057DC37 /* MZTransition.h */,
				B278A91518D8218F0057DC37 /* MZTransition.m */,
				B278A91618D8218F0057DC37 /* NSInvocation+Copy.h */,
				B278A91718D8218F0057DC37 /* NSInvocation+Copy.m */,
				B278A91818D8218F0057DC37 /* UIImage+Additional.h */,
				B278A91918D8218F0057DC37 /* UIImage+Additional.m */,
				B278A91A18D8218F0057DC37 /* UIViewController+TargetViewController.h */,
				B278A91B18D8218F0057DC37 /* UIViewController+TargetViewController.m */,
			);
			name = MZFormSheet;
			sourceTree = "<group>";
		};
		B2B020B018AB4CEE00EECD92 /* GUI */ = {
			isa = PBXGroup;
			children = (
				B27387D318FF854B00BF57F2 /* customControl */,
				B242208818B747BE00D4A75C /* Cell */,
				B2B020BE18AB5F0200EECD92 /* Candy */,
			);
			name = GUI;
			sourceTree = "<group>";
		};
		B2B020B918AB5D8F00EECD92 /* Model */ = {
			isa = PBXGroup;
			children = (
				B2307B2318BEEA43000502BE /* WebRequest */,
				B2B020BA18AB5D9C00EECD92 /* Candy */,
			);
			name = Model;
			sourceTree = "<group>";
		};
		B2B020BA18AB5D9C00EECD92 /* Candy */ = {
			isa = PBXGroup;
			children = (
				B2B020BB18AB5DFE00EECD92 /* Candy.h */,
				B2B020BC18AB5DFE00EECD92 /* Candy.m */,
			);
			name = Candy;
			sourceTree = "<group>";
		};
		B2B020BE18AB5F0200EECD92 /* Candy */ = {
			isa = PBXGroup;
			children = (
				B2B020C218AB5F6500EECD92 /* CandyTableViewController.h */,
				B2B020C318AB5F6500EECD92 /* CandyTableViewController.m */,
			);
			name = Candy;
			sourceTree = "<group>";
		};
		B2B020C518ACB64900EECD92 /* DataAccess */ = {
			isa = PBXGroup;
			children = (
				B2B020C618ACB69F00EECD92 /* DBTest.h */,
				B2B020C718ACB69F00EECD92 /* DBTest.m */,
				B2307B1D18BDE888000502BE /* DBManager.h */,
				B2307B1E18BDE888000502BE /* DBManager.m */,
				B2C216D418C85E5900A46809 /* DB_alert.h */,
				B2C216D518C85E5900A46809 /* DB_alert.m */,
				B288CFDE18DA945E0089F877 /* DB_login.h */,
				B288CFDF18DA945E0089F877 /* DB_login.m */,
				B26B684618E6969200E2E67B /* DB_device.h */,
				B26B684718E6969200E2E67B /* DB_device.m */,
				B272410219132E5800E6EE5F /* DB_portName.h */,
				B272410319132E5800E6EE5F /* DB_portName.m */,
				B284FBD11917694A00EDEBA8 /* DB_searchCriteria.h */,
				B284FBD21917694A00EDEBA8 /* DB_searchCriteria.m */,
				B2C92B2F192DAE2B00B2B8D0 /* DB_icon.h */,
				B2C92B30192DAE2B00B2B8D0 /* DB_icon.m */,
				B27EF9A119A4492C007A7124 /* DB_Excntr_status.h */,
				B27EF9A219A4492C007A7124 /* DB_Excntr_status.m */,
			);
			name = DataAccess;
			sourceTree = "<group>";
		};
		B2B020CC18ACBD6300EECD92 /* DTOs */ = {
			isa = PBXGroup;
			children = (
				B2C237FD18B37153001E13C9 /* AuthContract.h */,
				B2C237FE18B37153001E13C9 /* AuthContract.m */,
				B2C2380018B372D6001E13C9 /* RequestContract.h */,
				B2C2380118B372D6001E13C9 /* RequestContract.m */,
				B2C2380318B37465001E13C9 /* SearchFormContract.h */,
				B2C2380418B37466001E13C9 /* SearchFormContract.m */,
				B2C2380718B5EAB5001E13C9 /* RespExhbl.h */,
				B2C2380818B5EAB5001E13C9 /* RespExhbl.m */,
				B21D992018D2E53800EE795A /* RespAehbl.h */,
				B21D992118D2E53800EE795A /* RespAehbl.m */,
				B2307B0718BC960C000502BE /* RespMilestone.h */,
				B2307B0818BC960C000502BE /* RespMilestone.m */,
				B2307B1A18BDD532000502BE /* RespAlert.h */,
				B2307B1B18BDD532000502BE /* RespAlert.m */,
				B2155E5418D930B900180EF9 /* RespLogin.h */,
				B2155E5518D930B900180EF9 /* RespLogin.m */,
				B225B47819020AC3009F1F25 /* RespSchedule.h */,
				B225B47919020AC3009F1F25 /* RespSchedule.m */,
				B26B3C8A19078A4000CB41F9 /* RespPortName.h */,
				B26B3C8B19078A4000CB41F9 /* RespPortName.m */,
				B284FBCE19175F0300EDEBA8 /* RespSearchCriteria.h */,
				B284FBCF19175F0300EDEBA8 /* RespSearchCriteria.m */,
				B2C92B28192DAB7800B2B8D0 /* RespIcon.h */,
				B2C92B29192DAB7800B2B8D0 /* RespIcon.m */,
				B26A068D19A333C70002EA96 /* RespExcntr_status.h */,
				B26A068E19A333C70002EA96 /* RespExcntr_status.m */,
				B2C6ED7918E58B570001837B /* Menu_home.h */,
				B2C6ED7A18E58B570001837B /* Menu_home.m */,
			);
			name = DTOs;
			sourceTree = "<group>";
		};
		B2B020D118AF1BFD00EECD92 /* FMDB */ = {
			isa = PBXGroup;
			children = (
				B2A976FD18CF18290096BD4B /* FMDatabase.h */,
				B2A976FE18CF18290096BD4B /* FMDatabase.m */,
				B2A976FF18CF18290096BD4B /* FMDatabaseAdditions.h */,
				B2A9770018CF18290096BD4B /* FMDatabaseAdditions.m */,
				B2A9770118CF18290096BD4B /* FMDatabasePool.h */,
				B2A9770218CF18290096BD4B /* FMDatabasePool.m */,
				B2A9770318CF18290096BD4B /* FMDatabaseQueue.h */,
				B2A9770418CF18290096BD4B /* FMDatabaseQueue.m */,
				B2A9770518CF18290096BD4B /* FMResultSet.h */,
				B2A9770618CF18290096BD4B /* FMResultSet.m */,
			);
			name = FMDB;
			sourceTree = "<group>";
		};
		B2C216DB18C8AC3500A46809 /* Helper */ = {
			isa = PBXGroup;
			children = (
				B2C216DC18C8AC7A00A46809 /* NSDictionary.h */,
				B2C216DD18C8AC7A00A46809 /* NSDictionary.m */,
				B22446D318CF2C7500049F8C /* NSString.h */,
				B22446D418CF2C7500049F8C /* NSString.m */,
				B25649FD18E29C1B00030E05 /* NSArray.h */,
				B25649FE18E29C1B00030E05 /* NSArray.m */,
			);
			name = Helper;
			sourceTree = "<group>";
		};
		B2C2171318CAC41300A46809 /* Products */ = {
			isa = PBXGroup;
			children = (
				B2C2171A18CAC41400A46809 /* libRestKit.a */,
				B2C2171C18CAC41400A46809 /* RestKitTests.octest */,
				B2C2171E18CAC41400A46809 /* RestKit.framework */,
				B2C2172018CAC41400A46809 /* RestKitFrameworkTests.octest */,
			);
			name = Products;
			sourceTree = "<group>";
		};
		B2DB648518FC0CA400FFA6A0 /* iPad */ = {
			isa = PBXGroup;
			children = (
			);
			name = iPad;
			sourceTree = "<group>";
		};
/* End PBXGroup section */

/* Begin PBXNativeTarget section */
		B26CAC4318AA302A00C97C83 /* ittracking */ = {
			isa = PBXNativeTarget;
			buildConfigurationList = B26CAC7C18AA302A00C97C83 /* Build configuration list for PBXNativeTarget "ittracking" */;
			buildPhases = (
				B26CAC4018AA302A00C97C83 /* Sources */,
				B26CAC4118AA302A00C97C83 /* Frameworks */,
				B26CAC4218AA302A00C97C83 /* Resources */,
			);
			buildRules = (
			);
			dependencies = (
			);
			name = ittracking;
			productName = worldtrans;
			productReference = B26CAC4418AA302A00C97C83 /* ittracking.app */;
			productType = "com.apple.product-type.application";
		};
		B26CAC6A18AA302A00C97C83 /* ittrackingTests */ = {
			isa = PBXNativeTarget;
			buildConfigurationList = B26CAC7F18AA302A00C97C83 /* Build configuration list for PBXNativeTarget "ittrackingTests" */;
			buildPhases = (
				B26CAC6718AA302A00C97C83 /* Sources */,
				B26CAC6818AA302A00C97C83 /* Frameworks */,
				B26CAC6918AA302A00C97C83 /* Resources */,
			);
			buildRules = (
			);
			dependencies = (
				B26CAC7118AA302A00C97C83 /* PBXTargetDependency */,
			);
			name = ittrackingTests;
			productName = worldtransTests;
			productReference = B26CAC6B18AA302A00C97C83 /* ittrackingTests.xctest */;
			productType = "com.apple.product-type.bundle.unit-test";
		};
/* End PBXNativeTarget section */

/* Begin PBXProject section */
		B26CAC3C18AA302A00C97C83 /* Project object */ = {
			isa = PBXProject;
			attributes = {
				LastUpgradeCheck = 0500;
				ORGANIZATIONNAME = "ittracking Logistics Services Ltd. ";
				TargetAttributes = {
					B26CAC4318AA302A00C97C83 = {
						DevelopmentTeam = 46XP52NPKY;
					};
					B26CAC6A18AA302A00C97C83 = {
						TestTargetID = B26CAC4318AA302A00C97C83;
					};
				};
			};
			buildConfigurationList = B26CAC3F18AA302A00C97C83 /* Build configuration list for PBXProject "ittracking" */;
			compatibilityVersion = "Xcode 3.2";
			developmentRegion = English;
			hasScannedForEncodings = 0;
			knownRegions = (
				en,
				Base,
			);
			mainGroup = B26CAC3B18AA302A00C97C83;
			productRefGroup = B26CAC4518AA302A00C97C83 /* Products */;
			projectDirPath = "";
			projectReferences = (
				{
					ProductGroup = B2C2171318CAC41300A46809 /* Products */;
					ProjectRef = B2C2171218CAC41300A46809 /* RestKit.xcodeproj */;
				},
			);
			projectRoot = "";
			targets = (
				B26CAC4318AA302A00C97C83 /* ittracking */,
				B26CAC6A18AA302A00C97C83 /* ittrackingTests */,
			);
		};
/* End PBXProject section */

/* Begin PBXReferenceProxy section */
		B2C2171A18CAC41400A46809 /* libRestKit.a */ = {
			isa = PBXReferenceProxy;
			fileType = archive.ar;
			path = libRestKit.a;
			remoteRef = B2C2171918CAC41400A46809 /* PBXContainerItemProxy */;
			sourceTree = BUILT_PRODUCTS_DIR;
		};
		B2C2171C18CAC41400A46809 /* RestKitTests.octest */ = {
			isa = PBXReferenceProxy;
			fileType = wrapper.cfbundle;
			path = RestKitTests.octest;
			remoteRef = B2C2171B18CAC41400A46809 /* PBXContainerItemProxy */;
			sourceTree = BUILT_PRODUCTS_DIR;
		};
		B2C2171E18CAC41400A46809 /* RestKit.framework */ = {
			isa = PBXReferenceProxy;
			fileType = wrapper.framework;
			path = RestKit.framework;
			remoteRef = B2C2171D18CAC41400A46809 /* PBXContainerItemProxy */;
			sourceTree = BUILT_PRODUCTS_DIR;
		};
		B2C2172018CAC41400A46809 /* RestKitFrameworkTests.octest */ = {
			isa = PBXReferenceProxy;
			fileType = wrapper.cfbundle;
			path = RestKitFrameworkTests.octest;
			remoteRef = B2C2171F18CAC41400A46809 /* PBXContainerItemProxy */;
			sourceTree = BUILT_PRODUCTS_DIR;
		};
/* End PBXReferenceProxy section */

/* Begin PBXResourcesBuildPhase section */
		B26CAC4218AA302A00C97C83 /* Resources */ = {
			isa = PBXResourcesBuildPhase;
			buildActionMask = 2147483647;
			files = (
				B26CAC6618AA302A00C97C83 /* Images.xcassets in Resources */,
				B26CAC5B18AA302A00C97C83 /* Main_iPhone.storyboard in Resources */,
				B26CAC5218AA302A00C97C83 /* InfoPlist.strings in Resources */,
			);
			runOnlyForDeploymentPostprocessing = 0;
		};
		B26CAC6918AA302A00C97C83 /* Resources */ = {
			isa = PBXResourcesBuildPhase;
			buildActionMask = 2147483647;
			files = (
				B26CAC7718AA302A00C97C83 /* InfoPlist.strings in Resources */,
			);
			runOnlyForDeploymentPostprocessing = 0;
		};
/* End PBXResourcesBuildPhase section */

/* Begin PBXSourcesBuildPhase section */
		B26CAC4018AA302A00C97C83 /* Sources */ = {
			isa = PBXSourcesBuildPhase;
			buildActionMask = 2147483647;
			files = (
				B2B020C418AB5F6500EECD92 /* CandyTableViewController.m in Sources */,
				B27EF9A319A4492C007A7124 /* DB_Excntr_status.m in Sources */,
				B2A9770718CF18290096BD4B /* FMDatabase.m in Sources */,
				B23D80F218E18D4700316700 /* Web_base.m in Sources */,
				B272410419132E5800E6EE5F /* DB_portName.m in Sources */,
				B26B684818E6969200E2E67B /* DB_device.m in Sources */,
				B24555CF18D166A500D47DC7 /* AehblListController.m in Sources */,
				B2307B2618BEEA82000502BE /* Web_get_alert.m in Sources */,
				B26A068F19A333C70002EA96 /* RespExcntr_status.m in Sources */,
				B2531108191C73E10049AFDA /* ExpandSearchCriteriaViewController.m in Sources */,
				B2B020B818AB52D100EECD92 /* ExhblListController.m in Sources */,
				B26B3C96190797A700CB41F9 /* Cell_portName_list.m in Sources */,
				B26CAC6418AA302A00C97C83 /* SecondViewController.m in Sources */,
				B26CAC5818AA302A00C97C83 /* AppDelegate.m in Sources */,
				B2307B0918BC960C000502BE /* RespMilestone.m in Sources */,
				B24E83AC18D2A50700C29034 /* AehblGeneralController.m in Sources */,
				B27EF99619A43DE8007A7124 /* Custom_headView.m in Sources */,
				B288CFE018DA945E0089F877 /* DB_login.m in Sources */,
				B2307B1F18BDE888000502BE /* DBManager.m in Sources */,
				B22D6C1C18D1A7CB00DE4DB5 /* AehblHomeController.m in Sources */,
				B250BFBE19AB428F005EA993 /* KeyboardNoticeManager.m in Sources */,
				B284FBD019175F0300EDEBA8 /* RespSearchCriteria.m in Sources */,
				B2AD1FB71900CA7900F0E0A7 /* Cell_schedule_section1.m in Sources */,
				B2A9770818CF18290096BD4B /* FMDatabaseAdditions.m in Sources */,
				B2C216DE18C8AC7A00A46809 /* NSDictionary.m in Sources */,
				B27387DA18FF85C500BF57F2 /* Custom_TextField.m in Sources */,
				B2531102191C728C0049AFDA /* SKSTableViewCell.m in Sources */,
				B2B2A70B19A58213009F3AE2 /* Calculate_lineHeight.m in Sources */,
				B2307B2A18BEEE36000502BE /* AppConstants.m in Sources */,
				B2C92B2A192DAB7800B2B8D0 /* RespIcon.m in Sources */,
				B21D992218D2E53800EE795A /* RespAehbl.m in Sources */,
				B2307AFC18BC7E25000502BE /* Cell_exhbl_general_hdr.m in Sources */,
				B2C2380518B37466001E13C9 /* SearchFormContract.m in Sources */,
				B230189818ED66CA004B6CCC /* MapAnnotation.m in Sources */,
				B278A92218D8218F0057DC37 /* NSInvocation+Copy.m in Sources */,
				B2307B1618BDC36B000502BE /* Cell_alert_list.m in Sources */,
				B26B3C93190795C700CB41F9 /* SearchPortNameViewController.m in Sources */,
				B2307B0318BC9057000502BE /* Cell_milestone.m in Sources */,
				B2AD1FBE1900D87300F0E0A7 /* Cell_schedule_section2_row1.m in Sources */,
				B25490191904EFF200D7197A /* Cell_detail_schedule.m in Sources */,
				B239B00318E66AA700C26552 /* LogoutViewController.m in Sources */,
				B284FBD31917694A00EDEBA8 /* DB_searchCriteria.m in Sources */,
				B22D6C1418D18D0500DE4DB5 /* Cell_aehbl_list.m in Sources */,
				B2307B1C18BDD532000502BE /* RespAlert.m in Sources */,
				B2B020BD18AB5DFE00EECD92 /* Candy.m in Sources */,
				B278A92318D8218F0057DC37 /* UIImage+Additional.m in Sources */,
				B2C237FF18B37153001E13C9 /* AuthContract.m in Sources */,
				B2C2380918B5EAB5001E13C9 /* RespExhbl.m in Sources */,
				B242209818BB2F1C00D4A75C /* Cell_exhbl_general_detail.m in Sources */,
				B26CAC6118AA302A00C97C83 /* TrackHomeController.m in Sources */,
				B2CD156B1910B3A40025DD93 /* Custom_SearchBtn.m in Sources */,
				B278A92A18D832AA0057DC37 /* LoginViewController.m in Sources */,
				B225B49F190261FE009F1F25 /* Cell_sortBy_list.m in Sources */,
				B278A92018D8218F0057DC37 /* MZFormSheetSegue.m in Sources */,
				B2C2380218B372D6001E13C9 /* RequestContract.m in Sources */,
				B2C6ED7B18E58B570001837B /* Menu_home.m in Sources */,
				B278A91F18D8218F0057DC37 /* MZFormSheetController.m in Sources */,
				B25490121904A6D800D7197A /* SortByViewController.m in Sources */,
				B2923514191A119C00F9F8B8 /* PopViewManager.m in Sources */,
				B2307B0618BC920F000502BE /* MilestoneController.m in Sources */,
				B278A92418D8218F0057DC37 /* UIViewController+TargetViewController.m in Sources */,
				B25649FF18E29C1B00030E05 /* NSArray.m in Sources */,
				B242208C18B8467300D4A75C /* Res_color.m in Sources */,
				B2C216D618C85E5900A46809 /* DB_alert.m in Sources */,
				B2C6ED8618E59FA80001837B /* Cell_menu_item.m in Sources */,
				B225B472190204FE009F1F25 /* DetailScheduleViewController.m in Sources */,
				B2A9770B18CF18290096BD4B /* FMResultSet.m in Sources */,
				B242209B18BB303600D4A75C /* ExhblGeneralController.m in Sources */,
				B2700B07190E0D2A001E824C /* Custom_Button.m in Sources */,
				B25BE7BC18ECEF0000F41409 /* MapViewController.m in Sources */,
				B26CAC5418AA302A00C97C83 /* main.m in Sources */,
				B26A069619A335520002EA96 /* CarrierMilestoneViewController.m in Sources */,
				B22446D518CF2C7500049F8C /* NSString.m in Sources */,
				B225B47A19020AC3009F1F25 /* RespSchedule.m in Sources */,
				B2307B1918BDC748000502BE /* AlertController.m in Sources */,
				B2155E5618D930B900180EF9 /* RespLogin.m in Sources */,
				B27EF99D19A4441B007A7124 /* Cell_Carrier_milestone.m in Sources */,
				B278A91D18D8218F0057DC37 /* MZFormSheetBackgroundWindow.m in Sources */,
				B2B020C818ACB69F00EECD92 /* DBTest.m in Sources */,
				B2571CE218E5441F00C7DFA3 /* CustomBadge.m in Sources */,
				B26B3C8C19078A4000CB41F9 /* RespPortName.m in Sources */,
				B242209218BAED3000D4A75C /* ExhblHomeController.m in Sources */,
				B2C92B31192DAE2B00B2B8D0 /* DB_icon.m in Sources */,
				B2531101191C728C0049AFDA /* SKSTableView.m in Sources */,
				B2A9770A18CF18290096BD4B /* FMDatabaseQueue.m in Sources */,
				B2AFA528190F44C900778F75 /* Custom_backgroundView.m in Sources */,
				B2AD1FC11900D89300F0E0A7 /* Cell_schedule_section2_row3.m in Sources */,
				B278A91C18D8218F0057DC37 /* MZAppearance.m in Sources */,
				B2A9770918CF18290096BD4B /* FMDatabasePool.m in Sources */,
				B278A91E18D8218F0057DC37 /* MZFormSheetBackgroundWindowViewController.m in Sources */,
				B242208618B7470B00D4A75C /* Cell_exhbl_list.m in Sources */,
				B2307B1018BD84AF000502BE /* MBProgressHUD.m in Sources */,
				B278A92118D8218F0057DC37 /* MZTransition.m in Sources */,
				B28209D318E518C90027227A /* MainHomeViewController.m in Sources */,
			);
			runOnlyForDeploymentPostprocessing = 0;
		};
		B26CAC6718AA302A00C97C83 /* Sources */ = {
			isa = PBXSourcesBuildPhase;
			buildActionMask = 2147483647;
			files = (
				B26CAC7918AA302A00C97C83 /* ittrackingTests.m in Sources */,
			);
			runOnlyForDeploymentPostprocessing = 0;
		};
/* End PBXSourcesBuildPhase section */

/* Begin PBXTargetDependency section */
		B26CAC7118AA302A00C97C83 /* PBXTargetDependency */ = {
			isa = PBXTargetDependency;
			target = B26CAC4318AA302A00C97C83 /* ittracking */;
			targetProxy = B26CAC7018AA302A00C97C83 /* PBXContainerItemProxy */;
		};
/* End PBXTargetDependency section */

/* Begin PBXVariantGroup section */
		B26CAC5018AA302A00C97C83 /* InfoPlist.strings */ = {
			isa = PBXVariantGroup;
			children = (
				B26CAC5118AA302A00C97C83 /* en */,
			);
			name = InfoPlist.strings;
			sourceTree = "<group>";
		};
		B26CAC5918AA302A00C97C83 /* Main_iPhone.storyboard */ = {
			isa = PBXVariantGroup;
			children = (
				B26CAC5A18AA302A00C97C83 /* Base */,
			);
			name = Main_iPhone.storyboard;
			sourceTree = "<group>";
		};
		B26CAC7518AA302A00C97C83 /* InfoPlist.strings */ = {
			isa = PBXVariantGroup;
			children = (
				B26CAC7618AA302A00C97C83 /* en */,
			);
			name = InfoPlist.strings;
			sourceTree = "<group>";
		};
/* End PBXVariantGroup section */

/* Begin XCBuildConfiguration section */
		B26CAC7A18AA302A00C97C83 /* Debug */ = {
			isa = XCBuildConfiguration;
			buildSettings = {
				ALWAYS_SEARCH_USER_PATHS = NO;
				ARCHS = "$(ARCHS_STANDARD_INCLUDING_64_BIT)";
				CLANG_CXX_LANGUAGE_STANDARD = "gnu++0x";
				CLANG_CXX_LIBRARY = "libc++";
				CLANG_ENABLE_MODULES = YES;
				CLANG_ENABLE_OBJC_ARC = YES;
				CLANG_WARN_BOOL_CONVERSION = YES;
				CLANG_WARN_CONSTANT_CONVERSION = YES;
				CLANG_WARN_DIRECT_OBJC_ISA_USAGE = YES_ERROR;
				CLANG_WARN_EMPTY_BODY = YES;
				CLANG_WARN_ENUM_CONVERSION = YES;
				CLANG_WARN_INT_CONVERSION = YES;
				CLANG_WARN_OBJC_ROOT_CLASS = YES_ERROR;
				CLANG_WARN__DUPLICATE_METHOD_MATCH = YES;
				"CODE_SIGN_IDENTITY[sdk=iphoneos*]" = "iPhone Developer";
				COPY_PHASE_STRIP = NO;
				"COPY_PHASE_STRIP[sdk=*]" = NO;
				GCC_C_LANGUAGE_STANDARD = gnu99;
				GCC_DYNAMIC_NO_PIC = NO;
				GCC_OPTIMIZATION_LEVEL = 0;
				GCC_PREPROCESSOR_DEFINITIONS = (
					"DEBUG=1",
					"$(inherited)",
				);
				GCC_SYMBOLS_PRIVATE_EXTERN = NO;
				GCC_WARN_64_TO_32_BIT_CONVERSION = YES;
				GCC_WARN_ABOUT_RETURN_TYPE = YES_ERROR;
				GCC_WARN_UNDECLARED_SELECTOR = YES;
				GCC_WARN_UNINITIALIZED_AUTOS = YES;
				GCC_WARN_UNUSED_FUNCTION = YES;
				GCC_WARN_UNUSED_VARIABLE = YES;
				IPHONEOS_DEPLOYMENT_TARGET = 6.0;
				ONLY_ACTIVE_ARCH = YES;
				SDKROOT = iphoneos;
				TARGETED_DEVICE_FAMILY = "1,2";
			};
			name = Debug;
		};
		B26CAC7B18AA302A00C97C83 /* Release */ = {
			isa = XCBuildConfiguration;
			buildSettings = {
				ALWAYS_SEARCH_USER_PATHS = NO;
				ARCHS = "$(ARCHS_STANDARD_INCLUDING_64_BIT)";
				CLANG_CXX_LANGUAGE_STANDARD = "gnu++0x";
				CLANG_CXX_LIBRARY = "libc++";
				CLANG_ENABLE_MODULES = YES;
				CLANG_ENABLE_OBJC_ARC = YES;
				CLANG_WARN_BOOL_CONVERSION = YES;
				CLANG_WARN_CONSTANT_CONVERSION = YES;
				CLANG_WARN_DIRECT_OBJC_ISA_USAGE = YES_ERROR;
				CLANG_WARN_EMPTY_BODY = YES;
				CLANG_WARN_ENUM_CONVERSION = YES;
				CLANG_WARN_INT_CONVERSION = YES;
				CLANG_WARN_OBJC_ROOT_CLASS = YES_ERROR;
				CLANG_WARN__DUPLICATE_METHOD_MATCH = YES;
				"CODE_SIGN_IDENTITY[sdk=iphoneos*]" = "iPhone Developer";
				COPY_PHASE_STRIP = YES;
				ENABLE_NS_ASSERTIONS = NO;
				GCC_C_LANGUAGE_STANDARD = gnu99;
				GCC_WARN_64_TO_32_BIT_CONVERSION = YES;
				GCC_WARN_ABOUT_RETURN_TYPE = YES_ERROR;
				GCC_WARN_UNDECLARED_SELECTOR = YES;
				GCC_WARN_UNINITIALIZED_AUTOS = YES;
				GCC_WARN_UNUSED_FUNCTION = YES;
				GCC_WARN_UNUSED_VARIABLE = YES;
				IPHONEOS_DEPLOYMENT_TARGET = 6.0;
				SDKROOT = iphoneos;
				TARGETED_DEVICE_FAMILY = "1,2";
				VALIDATE_PRODUCT = YES;
			};
			name = Release;
		};
		B26CAC7D18AA302A00C97C83 /* Debug */ = {
			isa = XCBuildConfiguration;
			buildSettings = {
				ASSETCATALOG_COMPILER_APPICON_NAME = AppIcon;
				ASSETCATALOG_COMPILER_LAUNCHIMAGE_NAME = LaunchImage;
				CODE_SIGN_IDENTITY = "iPhone Developer";
				GCC_PRECOMPILE_PREFIX_HEADER = YES;
				GCC_PREFIX_HEADER = "ittracking/ittracking-Prefix.pch";
				"HEADER_SEARCH_PATHS[arch=*]" = "$(BUILT_PRODUCTS_DIR)/../../Headers";
				INFOPLIST_FILE = "ittracking/ittracking-Info.plist";
				IPHONEOS_DEPLOYMENT_TARGET = 7.0;
				OTHER_LDFLAGS = "";
				"OTHER_LDFLAGS[arch=*]" = "-ObjC";
				PRODUCT_NAME = ittracking;
				PROVISIONING_PROFILE = "BEFBFD36-1462-4354-B5F7-5558F6ACABFA";
				TARGETED_DEVICE_FAMILY = 1;
				WRAPPER_EXTENSION = app;
			};
			name = Debug;
		};
		B26CAC7E18AA302A00C97C83 /* Release */ = {
			isa = XCBuildConfiguration;
			buildSettings = {
				ASSETCATALOG_COMPILER_APPICON_NAME = AppIcon;
				ASSETCATALOG_COMPILER_LAUNCHIMAGE_NAME = LaunchImage;
				CODE_SIGN_IDENTITY = "iPhone Developer";
				GCC_PRECOMPILE_PREFIX_HEADER = YES;
				GCC_PREFIX_HEADER = "ittracking/ittracking-Prefix.pch";
				"HEADER_SEARCH_PATHS[arch=*]" = "$(BUILT_PRODUCTS_DIR)/../../Headers";
				INFOPLIST_FILE = "ittracking/ittracking-Info.plist";
				IPHONEOS_DEPLOYMENT_TARGET = 7.0;
				"OTHER_LDFLAGS[arch=*]" = "-ObjC";
				PRODUCT_NAME = ittracking;
				PROVISIONING_PROFILE = "BEFBFD36-1462-4354-B5F7-5558F6ACABFA";
				TARGETED_DEVICE_FAMILY = 1;
				WRAPPER_EXTENSION = app;
			};
			name = Release;
		};
		B26CAC8018AA302A00C97C83 /* Debug */ = {
			isa = XCBuildConfiguration;
			buildSettings = {
				ARCHS = "$(ARCHS_STANDARD_INCLUDING_64_BIT)";
				BUNDLE_LOADER = "$(BUILT_PRODUCTS_DIR)/worldtrans.app/worldtrans";
				FRAMEWORK_SEARCH_PATHS = (
					"$(SDKROOT)/Developer/Library/Frameworks",
					"$(inherited)",
					"$(DEVELOPER_FRAMEWORKS_DIR)",
				);
				GCC_PRECOMPILE_PREFIX_HEADER = YES;
				GCC_PREFIX_HEADER = "ittracking/ittracking-Prefix.pch";
				GCC_PREPROCESSOR_DEFINITIONS = (
					"DEBUG=1",
					"$(inherited)",
				);
				INFOPLIST_FILE = "ittrackingTests/ittrackingTests-Info.plist";
				PRODUCT_NAME = ittrackingTests;
				TEST_HOST = "$(BUNDLE_LOADER)";
				WRAPPER_EXTENSION = xctest;
			};
			name = Debug;
		};
		B26CAC8118AA302A00C97C83 /* Release */ = {
			isa = XCBuildConfiguration;
			buildSettings = {
				ARCHS = "$(ARCHS_STANDARD_INCLUDING_64_BIT)";
				BUNDLE_LOADER = "$(BUILT_PRODUCTS_DIR)/worldtrans.app/worldtrans";
				FRAMEWORK_SEARCH_PATHS = (
					"$(SDKROOT)/Developer/Library/Frameworks",
					"$(inherited)",
					"$(DEVELOPER_FRAMEWORKS_DIR)",
				);
				GCC_PRECOMPILE_PREFIX_HEADER = YES;
				GCC_PREFIX_HEADER = "ittracking/ittracking-Prefix.pch";
				INFOPLIST_FILE = "ittrackingTests/ittrackingTests-Info.plist";
				PRODUCT_NAME = ittrackingTests;
				TEST_HOST = "$(BUNDLE_LOADER)";
				WRAPPER_EXTENSION = xctest;
			};
			name = Release;
		};
/* End XCBuildConfiguration section */

/* Begin XCConfigurationList section */
		B26CAC3F18AA302A00C97C83 /* Build configuration list for PBXProject "ittracking" */ = {
			isa = XCConfigurationList;
			buildConfigurations = (
				B26CAC7A18AA302A00C97C83 /* Debug */,
				B26CAC7B18AA302A00C97C83 /* Release */,
			);
			defaultConfigurationIsVisible = 0;
			defaultConfigurationName = Release;
		};
		B26CAC7C18AA302A00C97C83 /* Build configuration list for PBXNativeTarget "ittracking" */ = {
			isa = XCConfigurationList;
			buildConfigurations = (
				B26CAC7D18AA302A00C97C83 /* Debug */,
				B26CAC7E18AA302A00C97C83 /* Release */,
			);
			defaultConfigurationIsVisible = 0;
			defaultConfigurationName = Release;
		};
		B26CAC7F18AA302A00C97C83 /* Build configuration list for PBXNativeTarget "ittrackingTests" */ = {
			isa = XCConfigurationList;
			buildConfigurations = (
				B26CAC8018AA302A00C97C83 /* Debug */,
				B26CAC8118AA302A00C97C83 /* Release */,
			);
			defaultConfigurationIsVisible = 0;
			defaultConfigurationName = Release;
		};
/* End XCConfigurationList section */
	};
	rootObject = B26CAC3C18AA302A00C97C83 /* Project object */;
}
